{
  "version": 4,
  "terraform_version": "1.5.2",
  "serial": 4237,
  "lineage": "64154ba5-ac8f-cdc4-afc7-caa8f5ca7370",
  "outputs": {
    "ami_id": {
      "value": {
        "architecture": "x86_64",
        "arn": "arn:aws:ec2:ap-south-1::image/ami-0770726357cfe8240",
        "block_device_mappings": [
          {
            "device_name": "/dev/xvda",
            "ebs": {
              "delete_on_termination": "true",
              "encrypted": "false",
              "iops": "0",
              "snapshot_id": "snap-0652ac431f452c40f",
              "throughput": "0",
              "volume_size": "8",
              "volume_type": "gp2"
            },
            "no_device": "",
            "virtual_name": ""
          }
        ],
        "boot_mode": "",
        "creation_date": "2023-06-28T20:13:00.000Z",
        "deprecation_time": "2025-06-28T20:13:00.000Z",
        "description": "Amazon Linux 2 AMI 2.0.20230628.0 x86_64 HVM gp2",
        "ena_support": true,
        "executable_users": null,
        "filter": [
          {
            "name": "architecture",
            "values": [
              "x86_64"
            ]
          },
          {
            "name": "name",
            "values": [
              "amzn2-ami-hvm-*-gp2"
            ]
          },
          {
            "name": "root-device-type",
            "values": [
              "ebs"
            ]
          },
          {
            "name": "virtualization-type",
            "values": [
              "hvm"
            ]
          }
        ],
        "hypervisor": "xen",
        "id": "ami-0770726357cfe8240",
        "image_id": "ami-0770726357cfe8240",
        "image_location": "amazon/amzn2-ami-hvm-2.0.20230628.0-x86_64-gp2",
        "image_owner_alias": "amazon",
        "image_type": "machine",
        "imds_support": "",
        "include_deprecated": false,
        "kernel_id": "",
        "most_recent": true,
        "name": "amzn2-ami-hvm-2.0.20230628.0-x86_64-gp2",
        "name_regex": null,
        "owner_id": "137112412989",
        "owners": [
          "amazon"
        ],
        "platform": "",
        "platform_details": "Linux/UNIX",
        "product_codes": [],
        "public": true,
        "ramdisk_id": "",
        "root_device_name": "/dev/xvda",
        "root_device_type": "ebs",
        "root_snapshot_id": "snap-0652ac431f452c40f",
        "sriov_net_support": "simple",
        "state": "available",
        "state_reason": {
          "code": "UNSET",
          "message": "UNSET"
        },
        "tags": {},
        "timeouts": null,
        "tpm_support": "",
        "usage_operation": "RunInstances",
        "virtualization_type": "hvm"
      },
      "type": [
        "object",
        {
          "architecture": "string",
          "arn": "string",
          "block_device_mappings": [
            "set",
            [
              "object",
              {
                "device_name": "string",
                "ebs": [
                  "map",
                  "string"
                ],
                "no_device": "string",
                "virtual_name": "string"
              }
            ]
          ],
          "boot_mode": "string",
          "creation_date": "string",
          "deprecation_time": "string",
          "description": "string",
          "ena_support": "bool",
          "executable_users": [
            "list",
            "string"
          ],
          "filter": [
            "set",
            [
              "object",
              {
                "name": "string",
                "values": [
                  "list",
                  "string"
                ]
              }
            ]
          ],
          "hypervisor": "string",
          "id": "string",
          "image_id": "string",
          "image_location": "string",
          "image_owner_alias": "string",
          "image_type": "string",
          "imds_support": "string",
          "include_deprecated": "bool",
          "kernel_id": "string",
          "most_recent": "bool",
          "name": "string",
          "name_regex": "string",
          "owner_id": "string",
          "owners": [
            "list",
            "string"
          ],
          "platform": "string",
          "platform_details": "string",
          "product_codes": [
            "set",
            [
              "object",
              {
                "product_code_id": "string",
                "product_code_type": "string"
              }
            ]
          ],
          "public": "bool",
          "ramdisk_id": "string",
          "root_device_name": "string",
          "root_device_type": "string",
          "root_snapshot_id": "string",
          "sriov_net_support": "string",
          "state": "string",
          "state_reason": [
            "map",
            "string"
          ],
          "tags": [
            "map",
            "string"
          ],
          "timeouts": [
            "object",
            {
              "read": "string"
            }
          ],
          "tpm_support": "string",
          "usage_operation": "string",
          "virtualization_type": "string"
        }
      ]
    }
  },
  "resources": [
    {
      "mode": "data",
      "type": "aws_ami",
      "name": "Latest_Image",
      "provider": "provider[\"registry.terraform.io/hashicorp/aws\"]",
      "instances": [
        {
          "schema_version": 0,
          "attributes": {
            "architecture": "x86_64",
            "arn": "arn:aws:ec2:ap-south-1::image/ami-0770726357cfe8240",
            "block_device_mappings": [
              {
                "device_name": "/dev/xvda",
                "ebs": {
                  "delete_on_termination": "true",
                  "encrypted": "false",
                  "iops": "0",
                  "snapshot_id": "snap-0652ac431f452c40f",
                  "throughput": "0",
                  "volume_size": "8",
                  "volume_type": "gp2"
                },
                "no_device": "",
                "virtual_name": ""
              }
            ],
            "boot_mode": "",
            "creation_date": "2023-06-28T20:13:00.000Z",
            "deprecation_time": "2025-06-28T20:13:00.000Z",
            "description": "Amazon Linux 2 AMI 2.0.20230628.0 x86_64 HVM gp2",
            "ena_support": true,
            "executable_users": null,
            "filter": [
              {
                "name": "architecture",
                "values": [
                  "x86_64"
                ]
              },
              {
                "name": "name",
                "values": [
                  "amzn2-ami-hvm-*-gp2"
                ]
              },
              {
                "name": "root-device-type",
                "values": [
                  "ebs"
                ]
              },
              {
                "name": "virtualization-type",
                "values": [
                  "hvm"
                ]
              }
            ],
            "hypervisor": "xen",
            "id": "ami-0770726357cfe8240",
            "image_id": "ami-0770726357cfe8240",
            "image_location": "amazon/amzn2-ami-hvm-2.0.20230628.0-x86_64-gp2",
            "image_owner_alias": "amazon",
            "image_type": "machine",
            "imds_support": "",
            "include_deprecated": false,
            "kernel_id": "",
            "most_recent": true,
            "name": "amzn2-ami-hvm-2.0.20230628.0-x86_64-gp2",
            "name_regex": null,
            "owner_id": "137112412989",
            "owners": [
              "amazon"
            ],
            "platform": "",
            "platform_details": "Linux/UNIX",
            "product_codes": [],
            "public": true,
            "ramdisk_id": "",
            "root_device_name": "/dev/xvda",
            "root_device_type": "ebs",
            "root_snapshot_id": "snap-0652ac431f452c40f",
            "sriov_net_support": "simple",
            "state": "available",
            "state_reason": {
              "code": "UNSET",
              "message": "UNSET"
            },
            "tags": {},
            "timeouts": null,
            "tpm_support": "",
            "usage_operation": "RunInstances",
            "virtualization_type": "hvm"
          },
          "sensitive_attributes": []
        }
      ]
    },
    {
      "mode": "managed",
      "type": "aws_eip",
      "name": "eip-for-Nat-Gateway",
      "provider": "provider[\"registry.terraform.io/hashicorp/aws\"]",
      "instances": [
        {
          "schema_version": 0,
          "attributes": {
            "address": null,
            "allocation_id": "eipalloc-0f797a97e873310bc",
            "associate_with_private_ip": null,
            "association_id": "",
            "carrier_ip": "",
            "customer_owned_ip": "",
            "customer_owned_ipv4_pool": "",
            "domain": "vpc",
            "id": "eipalloc-0f797a97e873310bc",
            "instance": "",
            "network_border_group": "ap-south-1",
            "network_interface": "",
            "private_dns": null,
            "private_ip": "",
            "public_dns": "ec2-13-232-150-137.ap-south-1.compute.amazonaws.com",
            "public_ip": "13.232.150.137",
            "public_ipv4_pool": "amazon",
            "tags": null,
            "tags_all": {},
            "timeouts": null,
            "vpc": true
          },
          "sensitive_attributes": [],
          "private": "eyJlMmJmYjczMC1lY2FhLTExZTYtOGY4OC0zNDM2M2JjN2M0YzAiOnsiZGVsZXRlIjoxODAwMDAwMDAwMDAsInJlYWQiOjkwMDAwMDAwMDAwMCwidXBkYXRlIjozMDAwMDAwMDAwMDB9fQ==",
          "create_before_destroy": true
        }
      ]
    },
    {
      "mode": "managed",
      "type": "aws_instance",
      "name": "public-ec2",
      "provider": "provider[\"registry.terraform.io/hashicorp/aws\"]",
      "instances": [
        {
          "schema_version": 1,
          "attributes": {
            "ami": "ami-0770726357cfe8240",
            "arn": "arn:aws:ec2:ap-south-1:969415682385:instance/i-0ad39b1b16d731617",
            "associate_public_ip_address": true,
            "availability_zone": "ap-south-1a",
            "capacity_reservation_specification": [
              {
                "capacity_reservation_preference": "open",
                "capacity_reservation_target": []
              }
            ],
            "cpu_core_count": 1,
            "cpu_options": [
              {
                "amd_sev_snp": "",
                "core_count": 1,
                "threads_per_core": 1
              }
            ],
            "cpu_threads_per_core": 1,
            "credit_specification": [
              {
                "cpu_credits": "standard"
              }
            ],
            "disable_api_stop": false,
            "disable_api_termination": false,
            "ebs_block_device": [],
            "ebs_optimized": false,
            "enclave_options": [
              {
                "enabled": false
              }
            ],
            "ephemeral_block_device": [],
            "get_password_data": false,
            "hibernation": false,
            "host_id": "",
            "host_resource_group_arn": null,
            "iam_instance_profile": "",
            "id": "i-0ad39b1b16d731617",
            "instance_initiated_shutdown_behavior": "stop",
            "instance_lifecycle": "",
            "instance_market_options": [],
            "instance_state": "running",
            "instance_type": "t2.micro",
            "ipv6_address_count": 0,
            "ipv6_addresses": [],
            "key_name": "Tkey",
            "launch_template": [],
            "maintenance_options": [
              {
                "auto_recovery": "default"
              }
            ],
            "metadata_options": [
              {
                "http_endpoint": "enabled",
                "http_put_response_hop_limit": 1,
                "http_tokens": "optional",
                "instance_metadata_tags": "disabled"
              }
            ],
            "monitoring": false,
            "network_interface": [],
            "outpost_arn": "",
            "password_data": "",
            "placement_group": "",
            "placement_partition_number": 0,
            "primary_network_interface_id": "eni-0729e15abac31cd9a",
            "private_dns": "ip-10-0-1-148.ap-south-1.compute.internal",
            "private_dns_name_options": [
              {
                "enable_resource_name_dns_a_record": false,
                "enable_resource_name_dns_aaaa_record": false,
                "hostname_type": "ip-name"
              }
            ],
            "private_ip": "10.0.1.148",
            "public_dns": "ec2-3-110-31-2.ap-south-1.compute.amazonaws.com",
            "public_ip": "3.110.31.2",
            "root_block_device": [
              {
                "delete_on_termination": true,
                "device_name": "/dev/xvda",
                "encrypted": false,
                "iops": 100,
                "kms_key_id": "",
                "tags": {},
                "throughput": 0,
                "volume_id": "vol-0968cc7968187f4a8",
                "volume_size": 8,
                "volume_type": "gp2"
              }
            ],
            "secondary_private_ips": [],
            "security_groups": [],
            "source_dest_check": true,
            "spot_instance_request_id": "",
            "subnet_id": "subnet-0d7680d7eae279107",
            "tags": {
              "Name": "Bastion-Host"
            },
            "tags_all": {
              "Name": "Bastion-Host"
            },
            "tenancy": "default",
            "timeouts": null,
            "user_data": "51e2d33e2349a2a9644d7e9a3adfc1af5740d5ac",
            "user_data_base64": null,
            "user_data_replace_on_change": false,
            "volume_tags": null,
            "vpc_security_group_ids": [
              "sg-04c219afe58bcdc35"
            ]
          },
          "sensitive_attributes": [],
          "private": "eyJlMmJmYjczMC1lY2FhLTExZTYtOGY4OC0zNDM2M2JjN2M0YzAiOnsiY3JlYXRlIjo2MDAwMDAwMDAwMDAsImRlbGV0ZSI6MTIwMDAwMDAwMDAwMCwidXBkYXRlIjo2MDAwMDAwMDAwMDB9LCJzY2hlbWFfdmVyc2lvbiI6IjEifQ==",
          "dependencies": [
            "aws_security_group.ssh-security-group",
            "aws_subnet.public-subnet-1",
            "aws_vpc.main",
            "data.aws_ami.Latest_Image"
          ],
          "create_before_destroy": true
        }
      ]
    },
    {
      "mode": "managed",
      "type": "aws_internet_gateway",
      "name": "MY_IGW",
      "provider": "provider[\"registry.terraform.io/hashicorp/aws\"]",
      "instances": [
        {
          "schema_version": 0,
          "attributes": {
            "arn": "arn:aws:ec2:ap-south-1:969415682385:internet-gateway/igw-012554d3574940a31",
            "id": "igw-012554d3574940a31",
            "owner_id": "969415682385",
            "tags": {
              "Name": "my_gateway"
            },
            "tags_all": {
              "Name": "my_gateway"
            },
            "timeouts": null,
            "vpc_id": "vpc-010a1a1303027f4cc"
          },
          "sensitive_attributes": [],
          "private": "eyJlMmJmYjczMC1lY2FhLTExZTYtOGY4OC0zNDM2M2JjN2M0YzAiOnsiY3JlYXRlIjoxMjAwMDAwMDAwMDAwLCJkZWxldGUiOjEyMDAwMDAwMDAwMDAsInVwZGF0ZSI6MTIwMDAwMDAwMDAwMH19",
          "dependencies": [
            "aws_vpc.main"
          ]
        }
      ]
    },
    {
      "mode": "managed",
      "type": "aws_key_pair",
      "name": "Public_key",
      "provider": "provider[\"registry.terraform.io/hashicorp/aws\"]",
      "instances": [
        {
          "schema_version": 1,
          "attributes": {
            "arn": "arn:aws:ec2:ap-south-1:969415682385:key-pair/Tkey",
            "fingerprint": "64:2b:48:5d:af:a0:75:38:71:1e:51:02:36:d5:21:60",
            "id": "Tkey",
            "key_name": "Tkey",
            "key_name_prefix": "",
            "key_pair_id": "key-085c2cfbcf8bf11ce",
            "key_type": "rsa",
            "public_key": "ssh-rsa AAAAB3NzaC1yc2EAAAADAQABAAABAQCfOICds3KhFUy18l5+CpB8AXOrUzK5S/WCawQXe/06CUM+GSs1NL1JHihhuVJEiPv6Q+xgv40kmKZe4UjaivihR1X58mJQED/cEG5ooMLKl2PlL53749R4CuqcgiMZiljvx5rGp96RovLyhjI9TuRVdIwMnLHohT5wuLQTxib+2xHauzVE4FH55k12BV2o913aakSy2UkW+KFeT+5uwHzOWT0UeDg1nnx+WVACCWmvKddcbsYljzna7ZPzCJ6ELGMgHgxxZBtCnZzZX5jdUlQsYMVBj8mxwOPDTDnKCLgpi3Y4j0qnxIbaB7W7XRi35HBoxGFE2kYDy64qPOS+PFVD",
            "tags": null,
            "tags_all": {}
          },
          "sensitive_attributes": [],
          "private": "eyJzY2hlbWFfdmVyc2lvbiI6IjEifQ==",
          "dependencies": [
            "tls_private_key.Tkey"
          ]
        }
      ]
    },
    {
      "mode": "managed",
      "type": "aws_nat_gateway",
      "name": "gw",
      "provider": "provider[\"registry.terraform.io/hashicorp/aws\"]",
      "instances": [
        {
          "schema_version": 0,
          "attributes": {
            "allocation_id": "eipalloc-0f797a97e873310bc",
            "association_id": "eipassoc-0c36e8789aa82c4a7",
            "connectivity_type": "public",
            "id": "nat-0b3da4edadfadeca0",
            "network_interface_id": "eni-062cfc4359f0f5b4d",
            "private_ip": "10.0.1.110",
            "public_ip": "13.232.150.137",
            "subnet_id": "subnet-0d7680d7eae279107",
            "tags": null,
            "tags_all": {}
          },
          "sensitive_attributes": [],
          "private": "bnVsbA==",
          "dependencies": [
            "aws_eip.eip-for-Nat-Gateway",
            "aws_subnet.public-subnet-1",
            "aws_vpc.main"
          ],
          "create_before_destroy": true
        }
      ]
    },
    {
      "mode": "managed",
      "type": "aws_route_table",
      "name": "Private-RT",
      "provider": "provider[\"registry.terraform.io/hashicorp/aws\"]",
      "instances": [
        {
          "schema_version": 0,
          "attributes": {
            "arn": "arn:aws:ec2:ap-south-1:969415682385:route-table/rtb-033d0b8392735f08f",
            "id": "rtb-033d0b8392735f08f",
            "owner_id": "969415682385",
            "propagating_vgws": [],
            "route": [
              {
                "carrier_gateway_id": "",
                "cidr_block": "0.0.0.0/0",
                "core_network_arn": "",
                "destination_prefix_list_id": "",
                "egress_only_gateway_id": "",
                "gateway_id": "",
                "ipv6_cidr_block": "",
                "local_gateway_id": "",
                "nat_gateway_id": "nat-0b3da4edadfadeca0",
                "network_interface_id": "",
                "transit_gateway_id": "",
                "vpc_endpoint_id": "",
                "vpc_peering_connection_id": ""
              }
            ],
            "tags": {
              "Name": "Private-route"
            },
            "tags_all": {
              "Name": "Private-route"
            },
            "timeouts": null,
            "vpc_id": "vpc-010a1a1303027f4cc"
          },
          "sensitive_attributes": [],
          "private": "eyJlMmJmYjczMC1lY2FhLTExZTYtOGY4OC0zNDM2M2JjN2M0YzAiOnsiY3JlYXRlIjozMDAwMDAwMDAwMDAsImRlbGV0ZSI6MzAwMDAwMDAwMDAwLCJ1cGRhdGUiOjEyMDAwMDAwMDAwMH19",
          "dependencies": [
            "aws_eip.eip-for-Nat-Gateway",
            "aws_nat_gateway.gw",
            "aws_subnet.public-subnet-1",
            "aws_vpc.main"
          ],
          "create_before_destroy": true
        }
      ]
    },
    {
      "mode": "managed",
      "type": "aws_route_table",
      "name": "Public-RT",
      "provider": "provider[\"registry.terraform.io/hashicorp/aws\"]",
      "instances": [
        {
          "schema_version": 0,
          "attributes": {
            "arn": "arn:aws:ec2:ap-south-1:969415682385:route-table/rtb-05d34e9a6491f95db",
            "id": "rtb-05d34e9a6491f95db",
            "owner_id": "969415682385",
            "propagating_vgws": [],
            "route": [
              {
                "carrier_gateway_id": "",
                "cidr_block": "0.0.0.0/0",
                "core_network_arn": "",
                "destination_prefix_list_id": "",
                "egress_only_gateway_id": "",
                "gateway_id": "igw-012554d3574940a31",
                "ipv6_cidr_block": "",
                "local_gateway_id": "",
                "nat_gateway_id": "",
                "network_interface_id": "",
                "transit_gateway_id": "",
                "vpc_endpoint_id": "",
                "vpc_peering_connection_id": ""
              }
            ],
            "tags": {
              "Name": "Public-route"
            },
            "tags_all": {
              "Name": "Public-route"
            },
            "timeouts": null,
            "vpc_id": "vpc-010a1a1303027f4cc"
          },
          "sensitive_attributes": [],
          "private": "eyJlMmJmYjczMC1lY2FhLTExZTYtOGY4OC0zNDM2M2JjN2M0YzAiOnsiY3JlYXRlIjozMDAwMDAwMDAwMDAsImRlbGV0ZSI6MzAwMDAwMDAwMDAwLCJ1cGRhdGUiOjEyMDAwMDAwMDAwMH19",
          "dependencies": [
            "aws_internet_gateway.MY_IGW",
            "aws_vpc.main"
          ]
        }
      ]
    },
    {
      "mode": "managed",
      "type": "aws_route_table_association",
      "name": "App2_private_ap_south_1b",
      "provider": "provider[\"registry.terraform.io/hashicorp/aws\"]",
      "instances": [
        {
          "schema_version": 0,
          "attributes": {
            "gateway_id": "",
            "id": "rtbassoc-04e95fb8108a3ab24",
            "route_table_id": "rtb-033d0b8392735f08f",
            "subnet_id": "subnet-061bf2a703779711c",
            "timeouts": null
          },
          "sensitive_attributes": [],
          "private": "eyJlMmJmYjczMC1lY2FhLTExZTYtOGY4OC0zNDM2M2JjN2M0YzAiOnsiY3JlYXRlIjozMDAwMDAwMDAwMDAsImRlbGV0ZSI6MzAwMDAwMDAwMDAwLCJ1cGRhdGUiOjEyMDAwMDAwMDAwMH19",
          "dependencies": [
            "aws_eip.eip-for-Nat-Gateway",
            "aws_nat_gateway.gw",
            "aws_route_table.Private-RT",
            "aws_subnet.App2_private_ap_south_1b",
            "aws_subnet.public-subnet-1",
            "aws_vpc.main"
          ]
        }
      ]
    },
    {
      "mode": "managed",
      "type": "aws_route_table_association",
      "name": "App_private_ap_south_1a",
      "provider": "provider[\"registry.terraform.io/hashicorp/aws\"]",
      "instances": [
        {
          "schema_version": 0,
          "attributes": {
            "gateway_id": "",
            "id": "rtbassoc-039b508ff93cfe898",
            "route_table_id": "rtb-033d0b8392735f08f",
            "subnet_id": "subnet-0fbb8f2a9116930e5",
            "timeouts": null
          },
          "sensitive_attributes": [],
          "private": "eyJlMmJmYjczMC1lY2FhLTExZTYtOGY4OC0zNDM2M2JjN2M0YzAiOnsiY3JlYXRlIjozMDAwMDAwMDAwMDAsImRlbGV0ZSI6MzAwMDAwMDAwMDAwLCJ1cGRhdGUiOjEyMDAwMDAwMDAwMH19",
          "dependencies": [
            "aws_eip.eip-for-Nat-Gateway",
            "aws_nat_gateway.gw",
            "aws_route_table.Private-RT",
            "aws_subnet.App_private_ap_south_1a",
            "aws_subnet.public-subnet-1",
            "aws_vpc.main"
          ]
        }
      ]
    },
    {
      "mode": "managed",
      "type": "aws_route_table_association",
      "name": "DB2_private_ap_south_1b",
      "provider": "provider[\"registry.terraform.io/hashicorp/aws\"]",
      "instances": [
        {
          "schema_version": 0,
          "attributes": {
            "gateway_id": "",
            "id": "rtbassoc-0ab867bc3ee8d9e8b",
            "route_table_id": "rtb-033d0b8392735f08f",
            "subnet_id": "subnet-0f095444bb0f420e1",
            "timeouts": null
          },
          "sensitive_attributes": [],
          "private": "eyJlMmJmYjczMC1lY2FhLTExZTYtOGY4OC0zNDM2M2JjN2M0YzAiOnsiY3JlYXRlIjozMDAwMDAwMDAwMDAsImRlbGV0ZSI6MzAwMDAwMDAwMDAwLCJ1cGRhdGUiOjEyMDAwMDAwMDAwMH19",
          "dependencies": [
            "aws_eip.eip-for-Nat-Gateway",
            "aws_nat_gateway.gw",
            "aws_route_table.Private-RT",
            "aws_subnet.DB2_private_ap_south_1b",
            "aws_subnet.public-subnet-1",
            "aws_vpc.main"
          ]
        }
      ]
    },
    {
      "mode": "managed",
      "type": "aws_route_table_association",
      "name": "DB_private_ap_south_1a",
      "provider": "provider[\"registry.terraform.io/hashicorp/aws\"]",
      "instances": [
        {
          "schema_version": 0,
          "attributes": {
            "gateway_id": "",
            "id": "rtbassoc-0cad058d3e49549ab",
            "route_table_id": "rtb-033d0b8392735f08f",
            "subnet_id": "subnet-003f45e56f4169df4",
            "timeouts": null
          },
          "sensitive_attributes": [],
          "private": "eyJlMmJmYjczMC1lY2FhLTExZTYtOGY4OC0zNDM2M2JjN2M0YzAiOnsiY3JlYXRlIjozMDAwMDAwMDAwMDAsImRlbGV0ZSI6MzAwMDAwMDAwMDAwLCJ1cGRhdGUiOjEyMDAwMDAwMDAwMH19",
          "dependencies": [
            "aws_eip.eip-for-Nat-Gateway",
            "aws_nat_gateway.gw",
            "aws_route_table.Private-RT",
            "aws_subnet.DB_private_ap_south_1a",
            "aws_subnet.public-subnet-1",
            "aws_vpc.main"
          ]
        }
      ]
    },
    {
      "mode": "managed",
      "type": "aws_route_table_association",
      "name": "FE2_private_ap_south_1b",
      "provider": "provider[\"registry.terraform.io/hashicorp/aws\"]",
      "instances": [
        {
          "schema_version": 0,
          "attributes": {
            "gateway_id": "",
            "id": "rtbassoc-0eab7eb309258ec0e",
            "route_table_id": "rtb-033d0b8392735f08f",
            "subnet_id": "subnet-0f620f1a71d48293b",
            "timeouts": null
          },
          "sensitive_attributes": [],
          "private": "eyJlMmJmYjczMC1lY2FhLTExZTYtOGY4OC0zNDM2M2JjN2M0YzAiOnsiY3JlYXRlIjozMDAwMDAwMDAwMDAsImRlbGV0ZSI6MzAwMDAwMDAwMDAwLCJ1cGRhdGUiOjEyMDAwMDAwMDAwMH19",
          "dependencies": [
            "aws_eip.eip-for-Nat-Gateway",
            "aws_nat_gateway.gw",
            "aws_route_table.Private-RT",
            "aws_subnet.FE2_private_ap_south_1b",
            "aws_subnet.public-subnet-1",
            "aws_vpc.main"
          ]
        }
      ]
    },
    {
      "mode": "managed",
      "type": "aws_route_table_association",
      "name": "FE_private_ap_south_1a",
      "provider": "provider[\"registry.terraform.io/hashicorp/aws\"]",
      "instances": [
        {
          "schema_version": 0,
          "attributes": {
            "gateway_id": "",
            "id": "rtbassoc-077a1704d0dc4f73d",
            "route_table_id": "rtb-033d0b8392735f08f",
            "subnet_id": "subnet-0b739c2df92511f43",
            "timeouts": null
          },
          "sensitive_attributes": [],
          "private": "eyJlMmJmYjczMC1lY2FhLTExZTYtOGY4OC0zNDM2M2JjN2M0YzAiOnsiY3JlYXRlIjozMDAwMDAwMDAwMDAsImRlbGV0ZSI6MzAwMDAwMDAwMDAwLCJ1cGRhdGUiOjEyMDAwMDAwMDAwMH19",
          "dependencies": [
            "aws_eip.eip-for-Nat-Gateway",
            "aws_nat_gateway.gw",
            "aws_route_table.Private-RT",
            "aws_subnet.FE_private_ap_south_1a",
            "aws_subnet.public-subnet-1",
            "aws_vpc.main"
          ]
        }
      ]
    },
    {
      "mode": "managed",
      "type": "aws_route_table_association",
      "name": "public-RT-assocation",
      "provider": "provider[\"registry.terraform.io/hashicorp/aws\"]",
      "instances": [
        {
          "schema_version": 0,
          "attributes": {
            "gateway_id": "",
            "id": "rtbassoc-063319e89ba3a462b",
            "route_table_id": "rtb-05d34e9a6491f95db",
            "subnet_id": "subnet-0d7680d7eae279107",
            "timeouts": null
          },
          "sensitive_attributes": [],
          "private": "eyJlMmJmYjczMC1lY2FhLTExZTYtOGY4OC0zNDM2M2JjN2M0YzAiOnsiY3JlYXRlIjozMDAwMDAwMDAwMDAsImRlbGV0ZSI6MzAwMDAwMDAwMDAwLCJ1cGRhdGUiOjEyMDAwMDAwMDAwMH19",
          "dependencies": [
            "aws_internet_gateway.MY_IGW",
            "aws_route_table.Public-RT",
            "aws_subnet.public-subnet-1",
            "aws_vpc.main"
          ]
        }
      ]
    },
    {
      "mode": "managed",
      "type": "aws_security_group",
      "name": "frontend-SG",
      "provider": "provider[\"registry.terraform.io/hashicorp/aws\"]",
      "instances": [
        {
          "schema_version": 1,
          "attributes": {
            "arn": "arn:aws:ec2:ap-south-1:969415682385:security-group/sg-0701773d8b58cc9f2",
            "description": "Enable HTTP/HTTPS access on Port 80/443 via ALB and SSH access on Port 22 via SSH SG",
            "egress": [
              {
                "cidr_blocks": [
                  "0.0.0.0/0"
                ],
                "description": "",
                "from_port": 0,
                "ipv6_cidr_blocks": [],
                "prefix_list_ids": [],
                "protocol": "-1",
                "security_groups": [],
                "self": false,
                "to_port": 0
              }
            ],
            "id": "sg-0701773d8b58cc9f2",
            "ingress": [
              {
                "cidr_blocks": [],
                "description": "SSH Access",
                "from_port": 22,
                "ipv6_cidr_blocks": [],
                "prefix_list_ids": [],
                "protocol": "tcp",
                "security_groups": [
                  "sg-04c219afe58bcdc35"
                ],
                "self": false,
                "to_port": 22
              }
            ],
            "name": "Web Server Security Group",
            "name_prefix": "",
            "owner_id": "969415682385",
            "revoke_rules_on_delete": false,
            "tags": {
              "Name": "Frontend-SG"
            },
            "tags_all": {
              "Name": "Frontend-SG"
            },
            "timeouts": null,
            "vpc_id": "vpc-010a1a1303027f4cc"
          },
          "sensitive_attributes": [],
          "private": "eyJlMmJmYjczMC1lY2FhLTExZTYtOGY4OC0zNDM2M2JjN2M0YzAiOnsiY3JlYXRlIjo2MDAwMDAwMDAwMDAsImRlbGV0ZSI6OTAwMDAwMDAwMDAwfSwic2NoZW1hX3ZlcnNpb24iOiIxIn0=",
          "dependencies": [
            "aws_security_group.ssh-security-group",
            "aws_vpc.main"
          ]
        }
      ]
    },
    {
      "mode": "managed",
      "type": "aws_security_group",
      "name": "ssh-security-group",
      "provider": "provider[\"registry.terraform.io/hashicorp/aws\"]",
      "instances": [
        {
          "schema_version": 1,
          "attributes": {
            "arn": "arn:aws:ec2:ap-south-1:969415682385:security-group/sg-04c219afe58bcdc35",
            "description": "Enable SSH access on Port 22",
            "egress": [
              {
                "cidr_blocks": [
                  "0.0.0.0/0"
                ],
                "description": "",
                "from_port": 0,
                "ipv6_cidr_blocks": [],
                "prefix_list_ids": [],
                "protocol": "-1",
                "security_groups": [],
                "self": false,
                "to_port": 0
              }
            ],
            "id": "sg-04c219afe58bcdc35",
            "ingress": [
              {
                "cidr_blocks": [
                  "0.0.0.0/0"
                ],
                "description": "SSH Access",
                "from_port": 22,
                "ipv6_cidr_blocks": [],
                "prefix_list_ids": [],
                "protocol": "tcp",
                "security_groups": [],
                "self": false,
                "to_port": 22
              },
              {
                "cidr_blocks": [
                  "0.0.0.0/0"
                ],
                "description": "SSH Access",
                "from_port": 443,
                "ipv6_cidr_blocks": [],
                "prefix_list_ids": [],
                "protocol": "tcp",
                "security_groups": [],
                "self": false,
                "to_port": 443
              },
              {
                "cidr_blocks": [
                  "0.0.0.0/0"
                ],
                "description": "SSH Access",
                "from_port": 80,
                "ipv6_cidr_blocks": [],
                "prefix_list_ids": [],
                "protocol": "tcp",
                "security_groups": [],
                "self": false,
                "to_port": 80
              }
            ],
            "name": "Bastion Security Group",
            "name_prefix": "",
            "owner_id": "969415682385",
            "revoke_rules_on_delete": false,
            "tags": {
              "Name": "Bastion Security Group"
            },
            "tags_all": {
              "Name": "Bastion Security Group"
            },
            "timeouts": null,
            "vpc_id": "vpc-010a1a1303027f4cc"
          },
          "sensitive_attributes": [],
          "private": "eyJlMmJmYjczMC1lY2FhLTExZTYtOGY4OC0zNDM2M2JjN2M0YzAiOnsiY3JlYXRlIjo2MDAwMDAwMDAwMDAsImRlbGV0ZSI6OTAwMDAwMDAwMDAwfSwic2NoZW1hX3ZlcnNpb24iOiIxIn0=",
          "dependencies": [
            "aws_vpc.main"
          ],
          "create_before_destroy": true
        }
      ]
    },
    {
      "mode": "managed",
      "type": "aws_subnet",
      "name": "App2_private_ap_south_1b",
      "provider": "provider[\"registry.terraform.io/hashicorp/aws\"]",
      "instances": [
        {
          "schema_version": 1,
          "attributes": {
            "arn": "arn:aws:ec2:ap-south-1:969415682385:subnet/subnet-061bf2a703779711c",
            "assign_ipv6_address_on_creation": false,
            "availability_zone": "ap-south-1b",
            "availability_zone_id": "aps1-az3",
            "cidr_block": "10.0.3.0/24",
            "customer_owned_ipv4_pool": "",
            "enable_dns64": false,
            "enable_lni_at_device_index": 0,
            "enable_resource_name_dns_a_record_on_launch": false,
            "enable_resource_name_dns_aaaa_record_on_launch": false,
            "id": "subnet-061bf2a703779711c",
            "ipv6_cidr_block": "",
            "ipv6_cidr_block_association_id": "",
            "ipv6_native": false,
            "map_customer_owned_ip_on_launch": false,
            "map_public_ip_on_launch": false,
            "outpost_arn": "",
            "owner_id": "969415682385",
            "private_dns_hostname_type_on_launch": "ip-name",
            "tags": {
              "Name": "App2_ap_south_1b"
            },
            "tags_all": {
              "Name": "App2_ap_south_1b"
            },
            "timeouts": null,
            "vpc_id": "vpc-010a1a1303027f4cc"
          },
          "sensitive_attributes": [],
          "private": "eyJlMmJmYjczMC1lY2FhLTExZTYtOGY4OC0zNDM2M2JjN2M0YzAiOnsiY3JlYXRlIjo2MDAwMDAwMDAwMDAsImRlbGV0ZSI6MTIwMDAwMDAwMDAwMH0sInNjaGVtYV92ZXJzaW9uIjoiMSJ9",
          "dependencies": [
            "aws_vpc.main"
          ]
        }
      ]
    },
    {
      "mode": "managed",
      "type": "aws_subnet",
      "name": "App_private_ap_south_1a",
      "provider": "provider[\"registry.terraform.io/hashicorp/aws\"]",
      "instances": [
        {
          "schema_version": 1,
          "attributes": {
            "arn": "arn:aws:ec2:ap-south-1:969415682385:subnet/subnet-0fbb8f2a9116930e5",
            "assign_ipv6_address_on_creation": false,
            "availability_zone": "ap-south-1a",
            "availability_zone_id": "aps1-az1",
            "cidr_block": "10.0.2.0/24",
            "customer_owned_ipv4_pool": "",
            "enable_dns64": false,
            "enable_lni_at_device_index": 0,
            "enable_resource_name_dns_a_record_on_launch": false,
            "enable_resource_name_dns_aaaa_record_on_launch": false,
            "id": "subnet-0fbb8f2a9116930e5",
            "ipv6_cidr_block": "",
            "ipv6_cidr_block_association_id": "",
            "ipv6_native": false,
            "map_customer_owned_ip_on_launch": false,
            "map_public_ip_on_launch": false,
            "outpost_arn": "",
            "owner_id": "969415682385",
            "private_dns_hostname_type_on_launch": "ip-name",
            "tags": {
              "Name": "private_ap_south_1a"
            },
            "tags_all": {
              "Name": "private_ap_south_1a"
            },
            "timeouts": null,
            "vpc_id": "vpc-010a1a1303027f4cc"
          },
          "sensitive_attributes": [],
          "private": "eyJlMmJmYjczMC1lY2FhLTExZTYtOGY4OC0zNDM2M2JjN2M0YzAiOnsiY3JlYXRlIjo2MDAwMDAwMDAwMDAsImRlbGV0ZSI6MTIwMDAwMDAwMDAwMH0sInNjaGVtYV92ZXJzaW9uIjoiMSJ9",
          "dependencies": [
            "aws_vpc.main"
          ]
        }
      ]
    },
    {
      "mode": "managed",
      "type": "aws_subnet",
      "name": "DB2_private_ap_south_1b",
      "provider": "provider[\"registry.terraform.io/hashicorp/aws\"]",
      "instances": [
        {
          "schema_version": 1,
          "attributes": {
            "arn": "arn:aws:ec2:ap-south-1:969415682385:subnet/subnet-0f095444bb0f420e1",
            "assign_ipv6_address_on_creation": false,
            "availability_zone": "ap-south-1b",
            "availability_zone_id": "aps1-az3",
            "cidr_block": "10.0.7.0/24",
            "customer_owned_ipv4_pool": "",
            "enable_dns64": false,
            "enable_lni_at_device_index": 0,
            "enable_resource_name_dns_a_record_on_launch": false,
            "enable_resource_name_dns_aaaa_record_on_launch": false,
            "id": "subnet-0f095444bb0f420e1",
            "ipv6_cidr_block": "",
            "ipv6_cidr_block_association_id": "",
            "ipv6_native": false,
            "map_customer_owned_ip_on_launch": false,
            "map_public_ip_on_launch": false,
            "outpost_arn": "",
            "owner_id": "969415682385",
            "private_dns_hostname_type_on_launch": "ip-name",
            "tags": {
              "Name": "DB2_private_ap_south_1b"
            },
            "tags_all": {
              "Name": "DB2_private_ap_south_1b"
            },
            "timeouts": null,
            "vpc_id": "vpc-010a1a1303027f4cc"
          },
          "sensitive_attributes": [],
          "private": "eyJlMmJmYjczMC1lY2FhLTExZTYtOGY4OC0zNDM2M2JjN2M0YzAiOnsiY3JlYXRlIjo2MDAwMDAwMDAwMDAsImRlbGV0ZSI6MTIwMDAwMDAwMDAwMH0sInNjaGVtYV92ZXJzaW9uIjoiMSJ9",
          "dependencies": [
            "aws_vpc.main"
          ]
        }
      ]
    },
    {
      "mode": "managed",
      "type": "aws_subnet",
      "name": "DB_private_ap_south_1a",
      "provider": "provider[\"registry.terraform.io/hashicorp/aws\"]",
      "instances": [
        {
          "schema_version": 1,
          "attributes": {
            "arn": "arn:aws:ec2:ap-south-1:969415682385:subnet/subnet-003f45e56f4169df4",
            "assign_ipv6_address_on_creation": false,
            "availability_zone": "ap-south-1a",
            "availability_zone_id": "aps1-az1",
            "cidr_block": "10.0.6.0/24",
            "customer_owned_ipv4_pool": "",
            "enable_dns64": false,
            "enable_lni_at_device_index": 0,
            "enable_resource_name_dns_a_record_on_launch": false,
            "enable_resource_name_dns_aaaa_record_on_launch": false,
            "id": "subnet-003f45e56f4169df4",
            "ipv6_cidr_block": "",
            "ipv6_cidr_block_association_id": "",
            "ipv6_native": false,
            "map_customer_owned_ip_on_launch": false,
            "map_public_ip_on_launch": false,
            "outpost_arn": "",
            "owner_id": "969415682385",
            "private_dns_hostname_type_on_launch": "ip-name",
            "tags": {
              "Name": "DB_private_ap_south_1a"
            },
            "tags_all": {
              "Name": "DB_private_ap_south_1a"
            },
            "timeouts": null,
            "vpc_id": "vpc-010a1a1303027f4cc"
          },
          "sensitive_attributes": [],
          "private": "eyJlMmJmYjczMC1lY2FhLTExZTYtOGY4OC0zNDM2M2JjN2M0YzAiOnsiY3JlYXRlIjo2MDAwMDAwMDAwMDAsImRlbGV0ZSI6MTIwMDAwMDAwMDAwMH0sInNjaGVtYV92ZXJzaW9uIjoiMSJ9",
          "dependencies": [
            "aws_vpc.main"
          ]
        }
      ]
    },
    {
      "mode": "managed",
      "type": "aws_subnet",
      "name": "FE2_private_ap_south_1b",
      "provider": "provider[\"registry.terraform.io/hashicorp/aws\"]",
      "instances": [
        {
          "schema_version": 1,
          "attributes": {
            "arn": "arn:aws:ec2:ap-south-1:969415682385:subnet/subnet-0f620f1a71d48293b",
            "assign_ipv6_address_on_creation": false,
            "availability_zone": "ap-south-1b",
            "availability_zone_id": "aps1-az3",
            "cidr_block": "10.0.5.0/24",
            "customer_owned_ipv4_pool": "",
            "enable_dns64": false,
            "enable_lni_at_device_index": 0,
            "enable_resource_name_dns_a_record_on_launch": false,
            "enable_resource_name_dns_aaaa_record_on_launch": false,
            "id": "subnet-0f620f1a71d48293b",
            "ipv6_cidr_block": "",
            "ipv6_cidr_block_association_id": "",
            "ipv6_native": false,
            "map_customer_owned_ip_on_launch": false,
            "map_public_ip_on_launch": false,
            "outpost_arn": "",
            "owner_id": "969415682385",
            "private_dns_hostname_type_on_launch": "ip-name",
            "tags": {
              "Name": "FE2_private_ap_south_1b"
            },
            "tags_all": {
              "Name": "FE2_private_ap_south_1b"
            },
            "timeouts": null,
            "vpc_id": "vpc-010a1a1303027f4cc"
          },
          "sensitive_attributes": [],
          "private": "eyJlMmJmYjczMC1lY2FhLTExZTYtOGY4OC0zNDM2M2JjN2M0YzAiOnsiY3JlYXRlIjo2MDAwMDAwMDAwMDAsImRlbGV0ZSI6MTIwMDAwMDAwMDAwMH0sInNjaGVtYV92ZXJzaW9uIjoiMSJ9",
          "dependencies": [
            "aws_vpc.main"
          ]
        }
      ]
    },
    {
      "mode": "managed",
      "type": "aws_subnet",
      "name": "FE_private_ap_south_1a",
      "provider": "provider[\"registry.terraform.io/hashicorp/aws\"]",
      "instances": [
        {
          "schema_version": 1,
          "attributes": {
            "arn": "arn:aws:ec2:ap-south-1:969415682385:subnet/subnet-0b739c2df92511f43",
            "assign_ipv6_address_on_creation": false,
            "availability_zone": "ap-south-1a",
            "availability_zone_id": "aps1-az1",
            "cidr_block": "10.0.4.0/24",
            "customer_owned_ipv4_pool": "",
            "enable_dns64": false,
            "enable_lni_at_device_index": 0,
            "enable_resource_name_dns_a_record_on_launch": false,
            "enable_resource_name_dns_aaaa_record_on_launch": false,
            "id": "subnet-0b739c2df92511f43",
            "ipv6_cidr_block": "",
            "ipv6_cidr_block_association_id": "",
            "ipv6_native": false,
            "map_customer_owned_ip_on_launch": false,
            "map_public_ip_on_launch": false,
            "outpost_arn": "",
            "owner_id": "969415682385",
            "private_dns_hostname_type_on_launch": "ip-name",
            "tags": {
              "Name": "FE_private_ap_south_1a"
            },
            "tags_all": {
              "Name": "FE_private_ap_south_1a"
            },
            "timeouts": null,
            "vpc_id": "vpc-010a1a1303027f4cc"
          },
          "sensitive_attributes": [],
          "private": "eyJlMmJmYjczMC1lY2FhLTExZTYtOGY4OC0zNDM2M2JjN2M0YzAiOnsiY3JlYXRlIjo2MDAwMDAwMDAwMDAsImRlbGV0ZSI6MTIwMDAwMDAwMDAwMH0sInNjaGVtYV92ZXJzaW9uIjoiMSJ9",
          "dependencies": [
            "aws_vpc.main"
          ]
        }
      ]
    },
    {
      "mode": "managed",
      "type": "aws_subnet",
      "name": "public-subnet-1",
      "provider": "provider[\"registry.terraform.io/hashicorp/aws\"]",
      "instances": [
        {
          "schema_version": 1,
          "attributes": {
            "arn": "arn:aws:ec2:ap-south-1:969415682385:subnet/subnet-0d7680d7eae279107",
            "assign_ipv6_address_on_creation": false,
            "availability_zone": "ap-south-1a",
            "availability_zone_id": "aps1-az1",
            "cidr_block": "10.0.1.0/24",
            "customer_owned_ipv4_pool": "",
            "enable_dns64": false,
            "enable_lni_at_device_index": 0,
            "enable_resource_name_dns_a_record_on_launch": false,
            "enable_resource_name_dns_aaaa_record_on_launch": false,
            "id": "subnet-0d7680d7eae279107",
            "ipv6_cidr_block": "",
            "ipv6_cidr_block_association_id": "",
            "ipv6_native": false,
            "map_customer_owned_ip_on_launch": false,
            "map_public_ip_on_launch": true,
            "outpost_arn": "",
            "owner_id": "969415682385",
            "private_dns_hostname_type_on_launch": "ip-name",
            "tags": {
              "Name": "Public Subnet"
            },
            "tags_all": {
              "Name": "Public Subnet"
            },
            "timeouts": null,
            "vpc_id": "vpc-010a1a1303027f4cc"
          },
          "sensitive_attributes": [],
          "private": "eyJlMmJmYjczMC1lY2FhLTExZTYtOGY4OC0zNDM2M2JjN2M0YzAiOnsiY3JlYXRlIjo2MDAwMDAwMDAwMDAsImRlbGV0ZSI6MTIwMDAwMDAwMDAwMH0sInNjaGVtYV92ZXJzaW9uIjoiMSJ9",
          "dependencies": [
            "aws_vpc.main"
          ],
          "create_before_destroy": true
        }
      ]
    },
    {
      "mode": "managed",
      "type": "aws_vpc",
      "name": "main",
      "provider": "provider[\"registry.terraform.io/hashicorp/aws\"]",
      "instances": [
        {
          "schema_version": 1,
          "attributes": {
            "arn": "arn:aws:ec2:ap-south-1:969415682385:vpc/vpc-010a1a1303027f4cc",
            "assign_generated_ipv6_cidr_block": false,
            "cidr_block": "10.0.0.0/16",
            "default_network_acl_id": "acl-0a5a61e1b73c00bf1",
            "default_route_table_id": "rtb-0faf87a2cb80eda1b",
            "default_security_group_id": "sg-0a31d8c321e552a33",
            "dhcp_options_id": "dopt-028209f03daa103ce",
            "enable_dns_hostnames": true,
            "enable_dns_support": true,
            "enable_network_address_usage_metrics": false,
            "id": "vpc-010a1a1303027f4cc",
            "instance_tenancy": "default",
            "ipv4_ipam_pool_id": null,
            "ipv4_netmask_length": null,
            "ipv6_association_id": "",
            "ipv6_cidr_block": "",
            "ipv6_cidr_block_network_border_group": "",
            "ipv6_ipam_pool_id": "",
            "ipv6_netmask_length": 0,
            "main_route_table_id": "rtb-0faf87a2cb80eda1b",
            "owner_id": "969415682385",
            "tags": {
              "Name": "Test_VPC"
            },
            "tags_all": {
              "Name": "Test_VPC"
            }
          },
          "sensitive_attributes": [],
          "private": "eyJzY2hlbWFfdmVyc2lvbiI6IjEifQ==",
          "create_before_destroy": true
        }
      ]
    },
    {
      "mode": "managed",
      "type": "local_file",
      "name": "TF_key",
      "provider": "provider[\"registry.terraform.io/hashicorp/local\"]",
      "instances": [
        {
          "schema_version": 0,
          "attributes": {
            "content": "-----BEGIN RSA PRIVATE KEY-----\nMIIEogIBAAKCAQEAnziAnbNyoRVMtfJefgqQfAFzq1MyuUv1gmsEF3v9OglDPhkr\nNTS9SR4oYblSRIj7+kPsYL+NJJimXuFI2or4oUdV+fJiUBA/3BBuaKDCypdj5S+d\n++PUeArqnIIjGYpY78eaxqfekaLy8oYyPU7kVXSMDJyx6IU+cLi0E8Ym/tsR2rs1\nROBR+eZNdgVdqPdd2mpEstlJFvihXk/ubsB8zlk9FHg4NZ58fllQAglprynXXG7G\nJY852u2T8wiehCxjIB4McWQbQp2c2V+Y3VJULGDFQY/JscDjw0w5ygi4KYt2OI9K\np8SG2ge1u10Yt+RwaMRhRNpGA8uuKjzkvjxVQwIDAQABAoIBACXdqCjZHm/UwvOa\neoJ7PLVhGwMpvCx5NiAYF1cGc8iznzxLfA0hR8r10yC6lCgcc+Cm+rZfl8+WRirW\nZR8kYdDpSDczP9JOqwFJHxje8rR/oJBG7MmU+1i5L+acxIA0eMY9sD+CeNol6KVo\n6NXPx1nTZ+Mv+NeVqK3iH2F8hJWjX+j6doQOH57GKIfUcEvgvRQyluUqvoA2u2n+\nrimJpwclyFZGnwYgME83kHYPfOKBDo1c/Nu517o8Ojj7wX9djg5i58r4MBeB0Gxu\n2+TfZ85tcvM/XzIPUNlOSa547QDcjx3TY8Df4MCBt2A40OcCpoRfyEd5smvD834q\nlS5MEkECgYEAy9a7TZs/ZryfiEm74VQr6n34fBAbNtMiATSZBr039iNeRTJE+pFx\nKEYyDiQZG4DAhDpJvQEi5P0Zkl/FtU7uP64ckDQuS8TAoDuUC4uB4YNfh8RGQIh7\nRVIaDukQiiZERSE+2s/y+AJuix/xhbRvN5+03zPdeZGld8+j5FEhJRECgYEAx/bi\n6B0vMpMmZDucsVAlWGijI6rDh6e3B7G2PtdH7wTpCmj3yzZnwxCjCpYpjCLyntAX\nyySCnN9XCYmzzvmrHIPT2o2xaFkB0BFXIFPlMqvPL+DI2ua+CDV9Jdcavx1eQLiq\nQXRa2B/LfpsF2itgw5e3CEVRY5j4yv+JRvk5RRMCgYAwLabDpwgLPlXuno7bqUtf\n9zo+CIiGIs0Mv+PTZfHOKXnknQcUuj+mp0C5euq8R2g5WJWJKLWYrgHXSO+v9OH3\nBy4VH2A55F0rAinxuJ2QMb7olgmMwzVvowIpuAiCvpywQjVa/n+NAvYhyAEL+yO2\nX/ceMmIMk9IqSVeRZWOSIQKBgC2rfXd18umiIgqSct8sZtsiSuBCiBXbgDoJpI4F\nrTAx9uehwbZv3pL2ocYxNZwD/1W2QTjsRch+WeqbwK1s6F/C3Af2hKZIbdmPnE6N\n2rMP+mn89OLKAGzvin2x+zHbC0PM6VW5tWXXHSr1TQjfD2Kcq/j/m+8baPc0Fa5Y\nDXRxAoGAYtsAlFdGPvoyXXybKd6VgflRZPM7eQ7ViSAqCQznr3oUy/YQoJ8b3XbU\n7YUaVWHHd4NtiC0PDAH1aCAbQ03xUUvlqqgF/HJV9eM2S12vhMqvbo5w+o7bkggz\nvilf4ejSkJei94rTe2UsOG+6oyrt0uAQkYKzqwdiXYDwgeg1pKw=\n-----END RSA PRIVATE KEY-----\n",
            "content_base64": null,
            "content_base64sha256": "wD8UFI7vQwLn7mIVrqXCtBtpiQ/R7Pd5OCo7EStlfUY=",
            "content_base64sha512": "OWEuZDr5kmTQgZTHaWXXaE/9tgF1i/TtYiNTZLQ0zZWYhrwILfwM75Fv+bMhh5TpWuIl0bytbGu24eo9MIrw8A==",
            "content_md5": "c059e6f6821629481186fc864e6da4e2",
            "content_sha1": "af0f5401c51d332c675d3ba5bef11d5ae033d651",
            "content_sha256": "c03f14148eef4302e7ee6215aea5c2b41b69890fd1ecf779382a3b112b657d46",
            "content_sha512": "39612e643af99264d08194c76965d7684ffdb601758bf4ed62235364b434cd959886bc082dfc0cef916ff9b3218794e95ae225d1bcad6c6bb6e1ea3d308af0f0",
            "directory_permission": "0777",
            "file_permission": "0400",
            "filename": "Tkey",
            "id": "af0f5401c51d332c675d3ba5bef11d5ae033d651",
            "sensitive_content": null,
            "source": null
          },
          "sensitive_attributes": [
            [
              {
                "type": "get_attr",
                "value": "content"
              }
            ]
          ],
          "dependencies": [
            "tls_private_key.Tkey"
          ]
        }
      ]
    },
    {
      "mode": "managed",
      "type": "tls_private_key",
      "name": "Tkey",
      "provider": "provider[\"registry.terraform.io/hashicorp/tls\"]",
      "instances": [
        {
          "schema_version": 1,
          "attributes": {
            "algorithm": "RSA",
            "ecdsa_curve": "P224",
            "id": "2ab9cbb7d9643279c3ce2f259877b73374b3eb74",
            "private_key_openssh": "-----BEGIN OPENSSH PRIVATE KEY-----\nb3BlbnNzaC1rZXktdjEAAAAABG5vbmUAAAAEbm9uZQAAAAAAAAABAAABFwAAAAdz\nc2gtcnNhAAAAAwEAAQAAAQEAnziAnbNyoRVMtfJefgqQfAFzq1MyuUv1gmsEF3v9\nOglDPhkrNTS9SR4oYblSRIj7+kPsYL+NJJimXuFI2or4oUdV+fJiUBA/3BBuaKDC\nypdj5S+d++PUeArqnIIjGYpY78eaxqfekaLy8oYyPU7kVXSMDJyx6IU+cLi0E8Ym\n/tsR2rs1ROBR+eZNdgVdqPdd2mpEstlJFvihXk/ubsB8zlk9FHg4NZ58fllQAglp\nrynXXG7GJY852u2T8wiehCxjIB4McWQbQp2c2V+Y3VJULGDFQY/JscDjw0w5ygi4\nKYt2OI9Kp8SG2ge1u10Yt+RwaMRhRNpGA8uuKjzkvjxVQwAAA7ic5fcRnOX3EQAA\nAAdzc2gtcnNhAAABAQCfOICds3KhFUy18l5+CpB8AXOrUzK5S/WCawQXe/06CUM+\nGSs1NL1JHihhuVJEiPv6Q+xgv40kmKZe4UjaivihR1X58mJQED/cEG5ooMLKl2Pl\nL53749R4CuqcgiMZiljvx5rGp96RovLyhjI9TuRVdIwMnLHohT5wuLQTxib+2xHa\nuzVE4FH55k12BV2o913aakSy2UkW+KFeT+5uwHzOWT0UeDg1nnx+WVACCWmvKddc\nbsYljzna7ZPzCJ6ELGMgHgxxZBtCnZzZX5jdUlQsYMVBj8mxwOPDTDnKCLgpi3Y4\nj0qnxIbaB7W7XRi35HBoxGFE2kYDy64qPOS+PFVDAAAAAwEAAQAAAQAl3ago2R5v\n1MLzmnqCezy1YRsDKbwseTYgGBdXBnPIs588S3wNIUfK9dMgupQoHHPgpvq2X5fP\nlkYq1mUfJGHQ6Ug3Mz/STqsBSR8Y3vK0f6CQRuzJlPtYuS/mnMSANHjGPbA/gnja\nJeilaOjVz8dZ02fjL/jXlait4h9hfISVo1/o+naEDh+exiiH1HBL4L0UMpblKr6A\nNrtp/q4piacHJchWRp8GIDBPN5B2D3zigQ6NXPzbude6PDo4+8F/XY4OYufK+DAX\ngdBsbtvk32fObXLzP18yD1DZTkmueO0A3I8d02PA3+DAgbdgONDnAqaEX8hHebJr\nw/N+KpUuTBJBAAAAgGLbAJRXRj76Ml18mynelYH5UWTzO3kO1YkgKgkM5696FMv2\nEKCfG9121O2FGlVhx3eDbYgtDwwB9WggG0NN8VFL5aqoBfxyVfXjNktdr4TKr26O\ncPqO25IIM74pX+Ho0pCXoveK03tlLDhvuqMq7dLgEJGCs6sHYl2A8IHoNaSsAAAA\ngQDL1rtNmz9mvJ+ISbvhVCvqffh8EBs20yIBNJkGvTf2I15FMkT6kXEoRjIOJBkb\ngMCEOkm9ASLk/RmSX8W1Tu4/rhyQNC5LxMCgO5QLi4Hhg1+HxEZAiHtFUhoO6RCK\nJkRFIT7az/L4Am6LH/GFtG83n7TfM915kaV3z6PkUSElEQAAAIEAx/bi6B0vMpMm\nZDucsVAlWGijI6rDh6e3B7G2PtdH7wTpCmj3yzZnwxCjCpYpjCLyntAXyySCnN9X\nCYmzzvmrHIPT2o2xaFkB0BFXIFPlMqvPL+DI2ua+CDV9Jdcavx1eQLiqQXRa2B/L\nfpsF2itgw5e3CEVRY5j4yv+JRvk5RRMAAAAAAQID\n-----END OPENSSH PRIVATE KEY-----\n",
            "private_key_pem": "-----BEGIN RSA PRIVATE KEY-----\nMIIEogIBAAKCAQEAnziAnbNyoRVMtfJefgqQfAFzq1MyuUv1gmsEF3v9OglDPhkr\nNTS9SR4oYblSRIj7+kPsYL+NJJimXuFI2or4oUdV+fJiUBA/3BBuaKDCypdj5S+d\n++PUeArqnIIjGYpY78eaxqfekaLy8oYyPU7kVXSMDJyx6IU+cLi0E8Ym/tsR2rs1\nROBR+eZNdgVdqPdd2mpEstlJFvihXk/ubsB8zlk9FHg4NZ58fllQAglprynXXG7G\nJY852u2T8wiehCxjIB4McWQbQp2c2V+Y3VJULGDFQY/JscDjw0w5ygi4KYt2OI9K\np8SG2ge1u10Yt+RwaMRhRNpGA8uuKjzkvjxVQwIDAQABAoIBACXdqCjZHm/UwvOa\neoJ7PLVhGwMpvCx5NiAYF1cGc8iznzxLfA0hR8r10yC6lCgcc+Cm+rZfl8+WRirW\nZR8kYdDpSDczP9JOqwFJHxje8rR/oJBG7MmU+1i5L+acxIA0eMY9sD+CeNol6KVo\n6NXPx1nTZ+Mv+NeVqK3iH2F8hJWjX+j6doQOH57GKIfUcEvgvRQyluUqvoA2u2n+\nrimJpwclyFZGnwYgME83kHYPfOKBDo1c/Nu517o8Ojj7wX9djg5i58r4MBeB0Gxu\n2+TfZ85tcvM/XzIPUNlOSa547QDcjx3TY8Df4MCBt2A40OcCpoRfyEd5smvD834q\nlS5MEkECgYEAy9a7TZs/ZryfiEm74VQr6n34fBAbNtMiATSZBr039iNeRTJE+pFx\nKEYyDiQZG4DAhDpJvQEi5P0Zkl/FtU7uP64ckDQuS8TAoDuUC4uB4YNfh8RGQIh7\nRVIaDukQiiZERSE+2s/y+AJuix/xhbRvN5+03zPdeZGld8+j5FEhJRECgYEAx/bi\n6B0vMpMmZDucsVAlWGijI6rDh6e3B7G2PtdH7wTpCmj3yzZnwxCjCpYpjCLyntAX\nyySCnN9XCYmzzvmrHIPT2o2xaFkB0BFXIFPlMqvPL+DI2ua+CDV9Jdcavx1eQLiq\nQXRa2B/LfpsF2itgw5e3CEVRY5j4yv+JRvk5RRMCgYAwLabDpwgLPlXuno7bqUtf\n9zo+CIiGIs0Mv+PTZfHOKXnknQcUuj+mp0C5euq8R2g5WJWJKLWYrgHXSO+v9OH3\nBy4VH2A55F0rAinxuJ2QMb7olgmMwzVvowIpuAiCvpywQjVa/n+NAvYhyAEL+yO2\nX/ceMmIMk9IqSVeRZWOSIQKBgC2rfXd18umiIgqSct8sZtsiSuBCiBXbgDoJpI4F\nrTAx9uehwbZv3pL2ocYxNZwD/1W2QTjsRch+WeqbwK1s6F/C3Af2hKZIbdmPnE6N\n2rMP+mn89OLKAGzvin2x+zHbC0PM6VW5tWXXHSr1TQjfD2Kcq/j/m+8baPc0Fa5Y\nDXRxAoGAYtsAlFdGPvoyXXybKd6VgflRZPM7eQ7ViSAqCQznr3oUy/YQoJ8b3XbU\n7YUaVWHHd4NtiC0PDAH1aCAbQ03xUUvlqqgF/HJV9eM2S12vhMqvbo5w+o7bkggz\nvilf4ejSkJei94rTe2UsOG+6oyrt0uAQkYKzqwdiXYDwgeg1pKw=\n-----END RSA PRIVATE KEY-----\n",
            "private_key_pem_pkcs8": "-----BEGIN PRIVATE KEY-----\nMIIEvAIBADANBgkqhkiG9w0BAQEFAASCBKYwggSiAgEAAoIBAQCfOICds3KhFUy1\n8l5+CpB8AXOrUzK5S/WCawQXe/06CUM+GSs1NL1JHihhuVJEiPv6Q+xgv40kmKZe\n4UjaivihR1X58mJQED/cEG5ooMLKl2PlL53749R4CuqcgiMZiljvx5rGp96RovLy\nhjI9TuRVdIwMnLHohT5wuLQTxib+2xHauzVE4FH55k12BV2o913aakSy2UkW+KFe\nT+5uwHzOWT0UeDg1nnx+WVACCWmvKddcbsYljzna7ZPzCJ6ELGMgHgxxZBtCnZzZ\nX5jdUlQsYMVBj8mxwOPDTDnKCLgpi3Y4j0qnxIbaB7W7XRi35HBoxGFE2kYDy64q\nPOS+PFVDAgMBAAECggEAJd2oKNkeb9TC85p6gns8tWEbAym8LHk2IBgXVwZzyLOf\nPEt8DSFHyvXTILqUKBxz4Kb6tl+Xz5ZGKtZlHyRh0OlINzM/0k6rAUkfGN7ytH+g\nkEbsyZT7WLkv5pzEgDR4xj2wP4J42iXopWjo1c/HWdNn4y/415WoreIfYXyElaNf\n6Pp2hA4fnsYoh9RwS+C9FDKW5Sq+gDa7af6uKYmnByXIVkafBiAwTzeQdg984oEO\njVz827nXujw6OPvBf12ODmLnyvgwF4HQbG7b5N9nzm1y8z9fMg9Q2U5JrnjtANyP\nHdNjwN/gwIG3YDjQ5wKmhF/IR3mya8PzfiqVLkwSQQKBgQDL1rtNmz9mvJ+ISbvh\nVCvqffh8EBs20yIBNJkGvTf2I15FMkT6kXEoRjIOJBkbgMCEOkm9ASLk/RmSX8W1\nTu4/rhyQNC5LxMCgO5QLi4Hhg1+HxEZAiHtFUhoO6RCKJkRFIT7az/L4Am6LH/GF\ntG83n7TfM915kaV3z6PkUSElEQKBgQDH9uLoHS8ykyZkO5yxUCVYaKMjqsOHp7cH\nsbY+10fvBOkKaPfLNmfDEKMKlimMIvKe0BfLJIKc31cJibPO+ascg9PajbFoWQHQ\nEVcgU+Uyq88v4Mja5r4INX0l1xq/HV5AuKpBdFrYH8t+mwXaK2DDl7cIRVFjmPjK\n/4lG+TlFEwKBgDAtpsOnCAs+Ve6ejtupS1/3Oj4IiIYizQy/49Nl8c4peeSdBxS6\nP6anQLl66rxHaDlYlYkotZiuAddI76/04fcHLhUfYDnkXSsCKfG4nZAxvuiWCYzD\nNW+jAim4CIK+nLBCNVr+f40C9iHIAQv7I7Zf9x4yYgyT0ipJV5FlY5IhAoGALat9\nd3Xy6aIiCpJy3yxm2yJK4EKIFduAOgmkjgWtMDH256HBtm/ekvahxjE1nAP/VbZB\nOOxFyH5Z6pvArWzoX8LcB/aEpkht2Y+cTo3asw/6afz04soAbO+KfbH7MdsLQ8zp\nVbm1ZdcdKvVNCN8PYpyr+P+b7xto9zQVrlgNdHECgYBi2wCUV0Y++jJdfJsp3pWB\n+VFk8zt5DtWJICoJDOevehTL9hCgnxvddtTthRpVYcd3g22ILQ8MAfVoIBtDTfFR\nS+WqqAX8clX14zZLXa+Eyq9ujnD6jtuSCDO+KV/h6NKQl6L3itN7ZSw4b7qjKu3S\n4BCRgrOrB2JdgPCB6DWkrA==\n-----END PRIVATE KEY-----\n",
            "public_key_fingerprint_md5": "2b:9b:ad:73:ff:af:7d:79:0b:a9:ee:2b:ca:6f:54:f7",
            "public_key_fingerprint_sha256": "SHA256:n8c0Lt1KEkw/SiiywFdj0jYUQiwZSjPGrjNBQvoc00U",
            "public_key_openssh": "ssh-rsa AAAAB3NzaC1yc2EAAAADAQABAAABAQCfOICds3KhFUy18l5+CpB8AXOrUzK5S/WCawQXe/06CUM+GSs1NL1JHihhuVJEiPv6Q+xgv40kmKZe4UjaivihR1X58mJQED/cEG5ooMLKl2PlL53749R4CuqcgiMZiljvx5rGp96RovLyhjI9TuRVdIwMnLHohT5wuLQTxib+2xHauzVE4FH55k12BV2o913aakSy2UkW+KFeT+5uwHzOWT0UeDg1nnx+WVACCWmvKddcbsYljzna7ZPzCJ6ELGMgHgxxZBtCnZzZX5jdUlQsYMVBj8mxwOPDTDnKCLgpi3Y4j0qnxIbaB7W7XRi35HBoxGFE2kYDy64qPOS+PFVD\n",
            "public_key_pem": "-----BEGIN PUBLIC KEY-----\nMIIBIjANBgkqhkiG9w0BAQEFAAOCAQ8AMIIBCgKCAQEAnziAnbNyoRVMtfJefgqQ\nfAFzq1MyuUv1gmsEF3v9OglDPhkrNTS9SR4oYblSRIj7+kPsYL+NJJimXuFI2or4\noUdV+fJiUBA/3BBuaKDCypdj5S+d++PUeArqnIIjGYpY78eaxqfekaLy8oYyPU7k\nVXSMDJyx6IU+cLi0E8Ym/tsR2rs1ROBR+eZNdgVdqPdd2mpEstlJFvihXk/ubsB8\nzlk9FHg4NZ58fllQAglprynXXG7GJY852u2T8wiehCxjIB4McWQbQp2c2V+Y3VJU\nLGDFQY/JscDjw0w5ygi4KYt2OI9Kp8SG2ge1u10Yt+RwaMRhRNpGA8uuKjzkvjxV\nQwIDAQAB\n-----END PUBLIC KEY-----\n",
            "rsa_bits": 2048
          },
          "sensitive_attributes": []
        }
      ]
    }
  ],
  "check_results": null
}
