{
  "version": 4,
  "terraform_version": "1.5.2",
  "serial": 81,
  "lineage": "a7846713-d652-6178-f2f8-13fc0c83ba40",
  "outputs": {
    "ami_id": {
      "value": {
        "architecture": "x86_64",
        "arn": "arn:aws:ec2:ap-south-1::image/ami-0770726357cfe8240",
        "block_device_mappings": [
          {
            "device_name": "/dev/xvda",
            "ebs": {
              "delete_on_termination": "true",
              "encrypted": "false",
              "iops": "0",
              "snapshot_id": "snap-0652ac431f452c40f",
              "throughput": "0",
              "volume_size": "8",
              "volume_type": "gp2"
            },
            "no_device": "",
            "virtual_name": ""
          }
        ],
        "boot_mode": "",
        "creation_date": "2023-06-28T20:13:00.000Z",
        "deprecation_time": "2025-06-28T20:13:00.000Z",
        "description": "Amazon Linux 2 AMI 2.0.20230628.0 x86_64 HVM gp2",
        "ena_support": true,
        "executable_users": null,
        "filter": [
          {
            "name": "architecture",
            "values": [
              "x86_64"
            ]
          },
          {
            "name": "name",
            "values": [
              "amzn2-ami-hvm-*-gp2"
            ]
          },
          {
            "name": "root-device-type",
            "values": [
              "ebs"
            ]
          },
          {
            "name": "virtualization-type",
            "values": [
              "hvm"
            ]
          }
        ],
        "hypervisor": "xen",
        "id": "ami-0770726357cfe8240",
        "image_id": "ami-0770726357cfe8240",
        "image_location": "amazon/amzn2-ami-hvm-2.0.20230628.0-x86_64-gp2",
        "image_owner_alias": "amazon",
        "image_type": "machine",
        "imds_support": "",
        "include_deprecated": false,
        "kernel_id": "",
        "most_recent": true,
        "name": "amzn2-ami-hvm-2.0.20230628.0-x86_64-gp2",
        "name_regex": null,
        "owner_id": "137112412989",
        "owners": [
          "amazon"
        ],
        "platform": "",
        "platform_details": "Linux/UNIX",
        "product_codes": [],
        "public": true,
        "ramdisk_id": "",
        "root_device_name": "/dev/xvda",
        "root_device_type": "ebs",
        "root_snapshot_id": "snap-0652ac431f452c40f",
        "sriov_net_support": "simple",
        "state": "available",
        "state_reason": {
          "code": "UNSET",
          "message": "UNSET"
        },
        "tags": {},
        "timeouts": null,
        "tpm_support": "",
        "usage_operation": "RunInstances",
        "virtualization_type": "hvm"
      },
      "type": [
        "object",
        {
          "architecture": "string",
          "arn": "string",
          "block_device_mappings": [
            "set",
            [
              "object",
              {
                "device_name": "string",
                "ebs": [
                  "map",
                  "string"
                ],
                "no_device": "string",
                "virtual_name": "string"
              }
            ]
          ],
          "boot_mode": "string",
          "creation_date": "string",
          "deprecation_time": "string",
          "description": "string",
          "ena_support": "bool",
          "executable_users": [
            "list",
            "string"
          ],
          "filter": [
            "set",
            [
              "object",
              {
                "name": "string",
                "values": [
                  "list",
                  "string"
                ]
              }
            ]
          ],
          "hypervisor": "string",
          "id": "string",
          "image_id": "string",
          "image_location": "string",
          "image_owner_alias": "string",
          "image_type": "string",
          "imds_support": "string",
          "include_deprecated": "bool",
          "kernel_id": "string",
          "most_recent": "bool",
          "name": "string",
          "name_regex": "string",
          "owner_id": "string",
          "owners": [
            "list",
            "string"
          ],
          "platform": "string",
          "platform_details": "string",
          "product_codes": [
            "set",
            [
              "object",
              {
                "product_code_id": "string",
                "product_code_type": "string"
              }
            ]
          ],
          "public": "bool",
          "ramdisk_id": "string",
          "root_device_name": "string",
          "root_device_type": "string",
          "root_snapshot_id": "string",
          "sriov_net_support": "string",
          "state": "string",
          "state_reason": [
            "map",
            "string"
          ],
          "tags": [
            "map",
            "string"
          ],
          "timeouts": [
            "object",
            {
              "read": "string"
            }
          ],
          "tpm_support": "string",
          "usage_operation": "string",
          "virtualization_type": "string"
        }
      ]
    }
  },
  "resources": [
    {
      "mode": "data",
      "type": "aws_ami",
      "name": "Latest_Image",
      "provider": "provider[\"registry.terraform.io/hashicorp/aws\"]",
      "instances": [
        {
          "schema_version": 0,
          "attributes": {
            "architecture": "x86_64",
            "arn": "arn:aws:ec2:ap-south-1::image/ami-0770726357cfe8240",
            "block_device_mappings": [
              {
                "device_name": "/dev/xvda",
                "ebs": {
                  "delete_on_termination": "true",
                  "encrypted": "false",
                  "iops": "0",
                  "snapshot_id": "snap-0652ac431f452c40f",
                  "throughput": "0",
                  "volume_size": "8",
                  "volume_type": "gp2"
                },
                "no_device": "",
                "virtual_name": ""
              }
            ],
            "boot_mode": "",
            "creation_date": "2023-06-28T20:13:00.000Z",
            "deprecation_time": "2025-06-28T20:13:00.000Z",
            "description": "Amazon Linux 2 AMI 2.0.20230628.0 x86_64 HVM gp2",
            "ena_support": true,
            "executable_users": null,
            "filter": [
              {
                "name": "architecture",
                "values": [
                  "x86_64"
                ]
              },
              {
                "name": "name",
                "values": [
                  "amzn2-ami-hvm-*-gp2"
                ]
              },
              {
                "name": "root-device-type",
                "values": [
                  "ebs"
                ]
              },
              {
                "name": "virtualization-type",
                "values": [
                  "hvm"
                ]
              }
            ],
            "hypervisor": "xen",
            "id": "ami-0770726357cfe8240",
            "image_id": "ami-0770726357cfe8240",
            "image_location": "amazon/amzn2-ami-hvm-2.0.20230628.0-x86_64-gp2",
            "image_owner_alias": "amazon",
            "image_type": "machine",
            "imds_support": "",
            "include_deprecated": false,
            "kernel_id": "",
            "most_recent": true,
            "name": "amzn2-ami-hvm-2.0.20230628.0-x86_64-gp2",
            "name_regex": null,
            "owner_id": "137112412989",
            "owners": [
              "amazon"
            ],
            "platform": "",
            "platform_details": "Linux/UNIX",
            "product_codes": [],
            "public": true,
            "ramdisk_id": "",
            "root_device_name": "/dev/xvda",
            "root_device_type": "ebs",
            "root_snapshot_id": "snap-0652ac431f452c40f",
            "sriov_net_support": "simple",
            "state": "available",
            "state_reason": {
              "code": "UNSET",
              "message": "UNSET"
            },
            "tags": {},
            "timeouts": null,
            "tpm_support": "",
            "usage_operation": "RunInstances",
            "virtualization_type": "hvm"
          },
          "sensitive_attributes": []
        }
      ]
    },
    {
      "mode": "managed",
      "type": "aws_eip",
      "name": "eip-for-Nat-Gateway",
      "provider": "provider[\"registry.terraform.io/hashicorp/aws\"]",
      "instances": [
        {
          "schema_version": 0,
          "attributes": {
            "address": null,
            "allocation_id": "eipalloc-0df44b3ddb27c5d39",
            "associate_with_private_ip": null,
            "association_id": "",
            "carrier_ip": "",
            "customer_owned_ip": "",
            "customer_owned_ipv4_pool": "",
            "domain": "vpc",
            "id": "eipalloc-0df44b3ddb27c5d39",
            "instance": "",
            "network_border_group": "ap-south-1",
            "network_interface": "",
            "private_dns": null,
            "private_ip": "",
            "public_dns": "ec2-3-7-221-178.ap-south-1.compute.amazonaws.com",
            "public_ip": "3.7.221.178",
            "public_ipv4_pool": "amazon",
            "tags": null,
            "tags_all": {},
            "timeouts": null,
            "vpc": true
          },
          "sensitive_attributes": [],
          "private": "eyJlMmJmYjczMC1lY2FhLTExZTYtOGY4OC0zNDM2M2JjN2M0YzAiOnsiZGVsZXRlIjoxODAwMDAwMDAwMDAsInJlYWQiOjkwMDAwMDAwMDAwMCwidXBkYXRlIjozMDAwMDAwMDAwMDB9fQ==",
          "create_before_destroy": true
        }
      ]
    },
    {
      "mode": "managed",
      "type": "aws_internet_gateway",
      "name": "MY_IGW",
      "provider": "provider[\"registry.terraform.io/hashicorp/aws\"]",
      "instances": [
        {
          "schema_version": 0,
          "attributes": {
            "arn": "arn:aws:ec2:ap-south-1:969415682385:internet-gateway/igw-0288f2bb67d130eb5",
            "id": "igw-0288f2bb67d130eb5",
            "owner_id": "969415682385",
            "tags": {
              "Name": "my_gateway"
            },
            "tags_all": {
              "Name": "my_gateway"
            },
            "timeouts": null,
            "vpc_id": "vpc-069ae7edf0839afc4"
          },
          "sensitive_attributes": [],
          "private": "eyJlMmJmYjczMC1lY2FhLTExZTYtOGY4OC0zNDM2M2JjN2M0YzAiOnsiY3JlYXRlIjoxMjAwMDAwMDAwMDAwLCJkZWxldGUiOjEyMDAwMDAwMDAwMDAsInVwZGF0ZSI6MTIwMDAwMDAwMDAwMH19",
          "dependencies": [
            "aws_vpc.main"
          ]
        }
      ]
    },
    {
      "mode": "managed",
      "type": "aws_key_pair",
      "name": "Public_key",
      "provider": "provider[\"registry.terraform.io/hashicorp/aws\"]",
      "instances": [
        {
          "schema_version": 1,
          "attributes": {
            "arn": "arn:aws:ec2:ap-south-1:969415682385:key-pair/Tkey",
            "fingerprint": "b5:a7:5d:3a:2f:7e:06:07:77:70:a7:ac:46:26:94:40",
            "id": "Tkey",
            "key_name": "Tkey",
            "key_name_prefix": "",
            "key_pair_id": "key-0472b34ddcd067793",
            "key_type": "rsa",
            "public_key": "ssh-rsa AAAAB3NzaC1yc2EAAAADAQABAAABAQDscYFKslZBK9BGhLhJo/kZ/M8o06UyLFirfx26j1jVroPNP3WuZ1mAJOhVMYtqurCR2/vSf0SCfJOOq4SBpNSMqzmZPIu3cdA+IIJ269sIK/7vOUBVqhKP8/y0QlSJUY2LGQSi1Om/vAlnUtc9qOvuzim2Xi5nKIAAaBsMBy0Lr5x/v/AJrtK/hyEIRJiNf9LCWgGt7BPODCg9e5dW/FJDKk3tTvMaTG7ol360khS25EJgNz/ci/Q2S6S8Ka1d0/0KqEICnGjq5Nr6ikdMNLl71Qpx6AjfYzdV1iT/zVlggCsjZBQyDcxueLxypRqFrZEnJ6DgdnZCdXt3RWa9OXWz",
            "tags": null,
            "tags_all": {}
          },
          "sensitive_attributes": [],
          "private": "eyJzY2hlbWFfdmVyc2lvbiI6IjEifQ==",
          "dependencies": [
            "tls_private_key.Tkey"
          ]
        }
      ]
    },
    {
      "mode": "managed",
      "type": "aws_nat_gateway",
      "name": "gw",
      "provider": "provider[\"registry.terraform.io/hashicorp/aws\"]",
      "instances": [
        {
          "schema_version": 0,
          "attributes": {
            "allocation_id": "eipalloc-0df44b3ddb27c5d39",
            "association_id": "eipassoc-0e13c92cc45d02410",
            "connectivity_type": "public",
            "id": "nat-0c1eb00d733faba6a",
            "network_interface_id": "eni-0cda13890b6a73d15",
            "private_ip": "10.0.1.126",
            "public_ip": "3.7.221.178",
            "subnet_id": "subnet-0b91892d8cdbb3653",
            "tags": null,
            "tags_all": {}
          },
          "sensitive_attributes": [],
          "private": "bnVsbA==",
          "dependencies": [
            "aws_eip.eip-for-Nat-Gateway",
            "aws_subnet.public-subnet-1",
            "aws_vpc.main"
          ],
          "create_before_destroy": true
        }
      ]
    },
    {
      "mode": "managed",
      "type": "aws_route_table",
      "name": "Private-RT",
      "provider": "provider[\"registry.terraform.io/hashicorp/aws\"]",
      "instances": [
        {
          "schema_version": 0,
          "attributes": {
            "arn": "arn:aws:ec2:ap-south-1:969415682385:route-table/rtb-0a047d9cc55705102",
            "id": "rtb-0a047d9cc55705102",
            "owner_id": "969415682385",
            "propagating_vgws": [],
            "route": [
              {
                "carrier_gateway_id": "",
                "cidr_block": "0.0.0.0/0",
                "core_network_arn": "",
                "destination_prefix_list_id": "",
                "egress_only_gateway_id": "",
                "gateway_id": "",
                "ipv6_cidr_block": "",
                "local_gateway_id": "",
                "nat_gateway_id": "nat-0c1eb00d733faba6a",
                "network_interface_id": "",
                "transit_gateway_id": "",
                "vpc_endpoint_id": "",
                "vpc_peering_connection_id": ""
              }
            ],
            "tags": {
              "Name": "Private-route"
            },
            "tags_all": {
              "Name": "Private-route"
            },
            "timeouts": null,
            "vpc_id": "vpc-069ae7edf0839afc4"
          },
          "sensitive_attributes": [],
          "private": "eyJlMmJmYjczMC1lY2FhLTExZTYtOGY4OC0zNDM2M2JjN2M0YzAiOnsiY3JlYXRlIjozMDAwMDAwMDAwMDAsImRlbGV0ZSI6MzAwMDAwMDAwMDAwLCJ1cGRhdGUiOjEyMDAwMDAwMDAwMH19",
          "dependencies": [
            "aws_eip.eip-for-Nat-Gateway",
            "aws_nat_gateway.gw",
            "aws_subnet.public-subnet-1",
            "aws_vpc.main"
          ],
          "create_before_destroy": true
        }
      ]
    },
    {
      "mode": "managed",
      "type": "aws_route_table",
      "name": "Public-RT",
      "provider": "provider[\"registry.terraform.io/hashicorp/aws\"]",
      "instances": [
        {
          "schema_version": 0,
          "attributes": {
            "arn": "arn:aws:ec2:ap-south-1:969415682385:route-table/rtb-001adfa6a8d01b057",
            "id": "rtb-001adfa6a8d01b057",
            "owner_id": "969415682385",
            "propagating_vgws": [],
            "route": [
              {
                "carrier_gateway_id": "",
                "cidr_block": "0.0.0.0/0",
                "core_network_arn": "",
                "destination_prefix_list_id": "",
                "egress_only_gateway_id": "",
                "gateway_id": "igw-0288f2bb67d130eb5",
                "ipv6_cidr_block": "",
                "local_gateway_id": "",
                "nat_gateway_id": "",
                "network_interface_id": "",
                "transit_gateway_id": "",
                "vpc_endpoint_id": "",
                "vpc_peering_connection_id": ""
              }
            ],
            "tags": {
              "Name": "Public-route"
            },
            "tags_all": {
              "Name": "Public-route"
            },
            "timeouts": null,
            "vpc_id": "vpc-069ae7edf0839afc4"
          },
          "sensitive_attributes": [],
          "private": "eyJlMmJmYjczMC1lY2FhLTExZTYtOGY4OC0zNDM2M2JjN2M0YzAiOnsiY3JlYXRlIjozMDAwMDAwMDAwMDAsImRlbGV0ZSI6MzAwMDAwMDAwMDAwLCJ1cGRhdGUiOjEyMDAwMDAwMDAwMH19",
          "dependencies": [
            "aws_internet_gateway.MY_IGW",
            "aws_vpc.main"
          ]
        }
      ]
    },
    {
      "mode": "managed",
      "type": "aws_route_table_association",
      "name": "App2_private_ap_south_1b",
      "provider": "provider[\"registry.terraform.io/hashicorp/aws\"]",
      "instances": [
        {
          "schema_version": 0,
          "attributes": {
            "gateway_id": "",
            "id": "rtbassoc-058c9cee64aecb604",
            "route_table_id": "rtb-0a047d9cc55705102",
            "subnet_id": "subnet-0e51980a201945011",
            "timeouts": null
          },
          "sensitive_attributes": [],
          "private": "eyJlMmJmYjczMC1lY2FhLTExZTYtOGY4OC0zNDM2M2JjN2M0YzAiOnsiY3JlYXRlIjozMDAwMDAwMDAwMDAsImRlbGV0ZSI6MzAwMDAwMDAwMDAwLCJ1cGRhdGUiOjEyMDAwMDAwMDAwMH19",
          "dependencies": [
            "aws_eip.eip-for-Nat-Gateway",
            "aws_nat_gateway.gw",
            "aws_route_table.Private-RT",
            "aws_subnet.App2_private_ap_south_1b",
            "aws_subnet.public-subnet-1",
            "aws_vpc.main"
          ]
        }
      ]
    },
    {
      "mode": "managed",
      "type": "aws_route_table_association",
      "name": "App_private_ap_south_1a",
      "provider": "provider[\"registry.terraform.io/hashicorp/aws\"]",
      "instances": [
        {
          "schema_version": 0,
          "attributes": {
            "gateway_id": "",
            "id": "rtbassoc-0d4143b468d68cbfb",
            "route_table_id": "rtb-0a047d9cc55705102",
            "subnet_id": "subnet-0fc57ff2cb9cdfa56",
            "timeouts": null
          },
          "sensitive_attributes": [],
          "private": "eyJlMmJmYjczMC1lY2FhLTExZTYtOGY4OC0zNDM2M2JjN2M0YzAiOnsiY3JlYXRlIjozMDAwMDAwMDAwMDAsImRlbGV0ZSI6MzAwMDAwMDAwMDAwLCJ1cGRhdGUiOjEyMDAwMDAwMDAwMH19",
          "dependencies": [
            "aws_eip.eip-for-Nat-Gateway",
            "aws_nat_gateway.gw",
            "aws_route_table.Private-RT",
            "aws_subnet.App_private_ap_south_1a",
            "aws_subnet.public-subnet-1",
            "aws_vpc.main"
          ]
        }
      ]
    },
    {
      "mode": "managed",
      "type": "aws_route_table_association",
      "name": "DB2_private_ap_south_1b",
      "provider": "provider[\"registry.terraform.io/hashicorp/aws\"]",
      "instances": [
        {
          "schema_version": 0,
          "attributes": {
            "gateway_id": "",
            "id": "rtbassoc-0de0a20184eee1770",
            "route_table_id": "rtb-0a047d9cc55705102",
            "subnet_id": "subnet-060dfa6f819fee419",
            "timeouts": null
          },
          "sensitive_attributes": [],
          "private": "eyJlMmJmYjczMC1lY2FhLTExZTYtOGY4OC0zNDM2M2JjN2M0YzAiOnsiY3JlYXRlIjozMDAwMDAwMDAwMDAsImRlbGV0ZSI6MzAwMDAwMDAwMDAwLCJ1cGRhdGUiOjEyMDAwMDAwMDAwMH19",
          "dependencies": [
            "aws_eip.eip-for-Nat-Gateway",
            "aws_nat_gateway.gw",
            "aws_route_table.Private-RT",
            "aws_subnet.DB2_private_ap_south_1b",
            "aws_subnet.public-subnet-1",
            "aws_vpc.main"
          ]
        }
      ]
    },
    {
      "mode": "managed",
      "type": "aws_route_table_association",
      "name": "DB_private_ap_south_1a",
      "provider": "provider[\"registry.terraform.io/hashicorp/aws\"]",
      "instances": [
        {
          "schema_version": 0,
          "attributes": {
            "gateway_id": "",
            "id": "rtbassoc-0b2439a0e45559ac4",
            "route_table_id": "rtb-0a047d9cc55705102",
            "subnet_id": "subnet-06ecc2f0492d87b02",
            "timeouts": null
          },
          "sensitive_attributes": [],
          "private": "eyJlMmJmYjczMC1lY2FhLTExZTYtOGY4OC0zNDM2M2JjN2M0YzAiOnsiY3JlYXRlIjozMDAwMDAwMDAwMDAsImRlbGV0ZSI6MzAwMDAwMDAwMDAwLCJ1cGRhdGUiOjEyMDAwMDAwMDAwMH19",
          "dependencies": [
            "aws_eip.eip-for-Nat-Gateway",
            "aws_nat_gateway.gw",
            "aws_route_table.Private-RT",
            "aws_subnet.DB_private_ap_south_1a",
            "aws_subnet.public-subnet-1",
            "aws_vpc.main"
          ]
        }
      ]
    },
    {
      "mode": "managed",
      "type": "aws_route_table_association",
      "name": "FE2_private_ap_south_1b",
      "provider": "provider[\"registry.terraform.io/hashicorp/aws\"]",
      "instances": [
        {
          "schema_version": 0,
          "attributes": {
            "gateway_id": "",
            "id": "rtbassoc-081ea83ad97b7bec6",
            "route_table_id": "rtb-0a047d9cc55705102",
            "subnet_id": "subnet-0df82467dd132063e",
            "timeouts": null
          },
          "sensitive_attributes": [],
          "private": "eyJlMmJmYjczMC1lY2FhLTExZTYtOGY4OC0zNDM2M2JjN2M0YzAiOnsiY3JlYXRlIjozMDAwMDAwMDAwMDAsImRlbGV0ZSI6MzAwMDAwMDAwMDAwLCJ1cGRhdGUiOjEyMDAwMDAwMDAwMH19",
          "dependencies": [
            "aws_eip.eip-for-Nat-Gateway",
            "aws_nat_gateway.gw",
            "aws_route_table.Private-RT",
            "aws_subnet.FE2_private_ap_south_1b",
            "aws_subnet.public-subnet-1",
            "aws_vpc.main"
          ]
        }
      ]
    },
    {
      "mode": "managed",
      "type": "aws_route_table_association",
      "name": "FE_private_ap_south_1a",
      "provider": "provider[\"registry.terraform.io/hashicorp/aws\"]",
      "instances": [
        {
          "schema_version": 0,
          "attributes": {
            "gateway_id": "",
            "id": "rtbassoc-0250ead16a0a338c5",
            "route_table_id": "rtb-0a047d9cc55705102",
            "subnet_id": "subnet-00e3ad98a84f35f1f",
            "timeouts": null
          },
          "sensitive_attributes": [],
          "private": "eyJlMmJmYjczMC1lY2FhLTExZTYtOGY4OC0zNDM2M2JjN2M0YzAiOnsiY3JlYXRlIjozMDAwMDAwMDAwMDAsImRlbGV0ZSI6MzAwMDAwMDAwMDAwLCJ1cGRhdGUiOjEyMDAwMDAwMDAwMH19",
          "dependencies": [
            "aws_eip.eip-for-Nat-Gateway",
            "aws_nat_gateway.gw",
            "aws_route_table.Private-RT",
            "aws_subnet.FE_private_ap_south_1a",
            "aws_subnet.public-subnet-1",
            "aws_vpc.main"
          ]
        }
      ]
    },
    {
      "mode": "managed",
      "type": "aws_route_table_association",
      "name": "public-RT-assocation",
      "provider": "provider[\"registry.terraform.io/hashicorp/aws\"]",
      "instances": [
        {
          "schema_version": 0,
          "attributes": {
            "gateway_id": "",
            "id": "rtbassoc-0f70958f88ed77d07",
            "route_table_id": "rtb-001adfa6a8d01b057",
            "subnet_id": "subnet-0b91892d8cdbb3653",
            "timeouts": null
          },
          "sensitive_attributes": [],
          "private": "eyJlMmJmYjczMC1lY2FhLTExZTYtOGY4OC0zNDM2M2JjN2M0YzAiOnsiY3JlYXRlIjozMDAwMDAwMDAwMDAsImRlbGV0ZSI6MzAwMDAwMDAwMDAwLCJ1cGRhdGUiOjEyMDAwMDAwMDAwMH19",
          "dependencies": [
            "aws_internet_gateway.MY_IGW",
            "aws_route_table.Public-RT",
            "aws_subnet.public-subnet-1",
            "aws_vpc.main"
          ]
        }
      ]
    },
    {
      "mode": "managed",
      "type": "aws_security_group",
      "name": "frontend-SG",
      "provider": "provider[\"registry.terraform.io/hashicorp/aws\"]",
      "instances": [
        {
          "schema_version": 1,
          "attributes": {
            "arn": "arn:aws:ec2:ap-south-1:969415682385:security-group/sg-027b4fc2521749b68",
            "description": "Enable HTTP/HTTPS access on Port 80/443 via ALB and SSH access on Port 22 via SSH SG",
            "egress": [
              {
                "cidr_blocks": [
                  "0.0.0.0/0"
                ],
                "description": "",
                "from_port": 0,
                "ipv6_cidr_blocks": [],
                "prefix_list_ids": [],
                "protocol": "-1",
                "security_groups": [],
                "self": false,
                "to_port": 0
              }
            ],
            "id": "sg-027b4fc2521749b68",
            "ingress": [
              {
                "cidr_blocks": [],
                "description": "SSH Access",
                "from_port": 22,
                "ipv6_cidr_blocks": [],
                "prefix_list_ids": [],
                "protocol": "tcp",
                "security_groups": [
                  "sg-0c98b6284f013885e"
                ],
                "self": false,
                "to_port": 22
              }
            ],
            "name": "Web Server Security Group",
            "name_prefix": "",
            "owner_id": "969415682385",
            "revoke_rules_on_delete": false,
            "tags": {
              "Name": "Frontend-SG"
            },
            "tags_all": {
              "Name": "Frontend-SG"
            },
            "timeouts": null,
            "vpc_id": "vpc-069ae7edf0839afc4"
          },
          "sensitive_attributes": [],
          "private": "eyJlMmJmYjczMC1lY2FhLTExZTYtOGY4OC0zNDM2M2JjN2M0YzAiOnsiY3JlYXRlIjo2MDAwMDAwMDAwMDAsImRlbGV0ZSI6OTAwMDAwMDAwMDAwfSwic2NoZW1hX3ZlcnNpb24iOiIxIn0=",
          "dependencies": [
            "aws_security_group.ssh-security-group",
            "aws_vpc.main"
          ]
        }
      ]
    },
    {
      "mode": "managed",
      "type": "aws_security_group",
      "name": "ssh-security-group",
      "provider": "provider[\"registry.terraform.io/hashicorp/aws\"]",
      "instances": [
        {
          "schema_version": 1,
          "attributes": {
            "arn": "arn:aws:ec2:ap-south-1:969415682385:security-group/sg-0c98b6284f013885e",
            "description": "Enable SSH access on Port 22",
            "egress": [
              {
                "cidr_blocks": [
                  "0.0.0.0/0"
                ],
                "description": "",
                "from_port": 0,
                "ipv6_cidr_blocks": [],
                "prefix_list_ids": [],
                "protocol": "-1",
                "security_groups": [],
                "self": false,
                "to_port": 0
              }
            ],
            "id": "sg-0c98b6284f013885e",
            "ingress": [
              {
                "cidr_blocks": [
                  "0.0.0.0/0"
                ],
                "description": "SSH Access",
                "from_port": 22,
                "ipv6_cidr_blocks": [],
                "prefix_list_ids": [],
                "protocol": "tcp",
                "security_groups": [],
                "self": false,
                "to_port": 22
              },
              {
                "cidr_blocks": [
                  "0.0.0.0/0"
                ],
                "description": "SSH Access",
                "from_port": 443,
                "ipv6_cidr_blocks": [],
                "prefix_list_ids": [],
                "protocol": "tcp",
                "security_groups": [],
                "self": false,
                "to_port": 443
              },
              {
                "cidr_blocks": [
                  "0.0.0.0/0"
                ],
                "description": "SSH Access",
                "from_port": 80,
                "ipv6_cidr_blocks": [],
                "prefix_list_ids": [],
                "protocol": "tcp",
                "security_groups": [],
                "self": false,
                "to_port": 80
              }
            ],
            "name": "Bastion Security Group",
            "name_prefix": "",
            "owner_id": "969415682385",
            "revoke_rules_on_delete": false,
            "tags": {
              "Name": "Bastion Security Group"
            },
            "tags_all": {
              "Name": "Bastion Security Group"
            },
            "timeouts": null,
            "vpc_id": "vpc-069ae7edf0839afc4"
          },
          "sensitive_attributes": [],
          "private": "eyJlMmJmYjczMC1lY2FhLTExZTYtOGY4OC0zNDM2M2JjN2M0YzAiOnsiY3JlYXRlIjo2MDAwMDAwMDAwMDAsImRlbGV0ZSI6OTAwMDAwMDAwMDAwfSwic2NoZW1hX3ZlcnNpb24iOiIxIn0=",
          "dependencies": [
            "aws_vpc.main"
          ]
        }
      ]
    },
    {
      "mode": "managed",
      "type": "aws_subnet",
      "name": "App2_private_ap_south_1b",
      "provider": "provider[\"registry.terraform.io/hashicorp/aws\"]",
      "instances": [
        {
          "schema_version": 1,
          "attributes": {
            "arn": "arn:aws:ec2:ap-south-1:969415682385:subnet/subnet-0e51980a201945011",
            "assign_ipv6_address_on_creation": false,
            "availability_zone": "ap-south-1b",
            "availability_zone_id": "aps1-az3",
            "cidr_block": "10.0.3.0/24",
            "customer_owned_ipv4_pool": "",
            "enable_dns64": false,
            "enable_lni_at_device_index": 0,
            "enable_resource_name_dns_a_record_on_launch": false,
            "enable_resource_name_dns_aaaa_record_on_launch": false,
            "id": "subnet-0e51980a201945011",
            "ipv6_cidr_block": "",
            "ipv6_cidr_block_association_id": "",
            "ipv6_native": false,
            "map_customer_owned_ip_on_launch": false,
            "map_public_ip_on_launch": false,
            "outpost_arn": "",
            "owner_id": "969415682385",
            "private_dns_hostname_type_on_launch": "ip-name",
            "tags": {
              "Name": "App2_ap_south_1b"
            },
            "tags_all": {
              "Name": "App2_ap_south_1b"
            },
            "timeouts": null,
            "vpc_id": "vpc-069ae7edf0839afc4"
          },
          "sensitive_attributes": [],
          "private": "eyJlMmJmYjczMC1lY2FhLTExZTYtOGY4OC0zNDM2M2JjN2M0YzAiOnsiY3JlYXRlIjo2MDAwMDAwMDAwMDAsImRlbGV0ZSI6MTIwMDAwMDAwMDAwMH0sInNjaGVtYV92ZXJzaW9uIjoiMSJ9",
          "dependencies": [
            "aws_vpc.main"
          ]
        }
      ]
    },
    {
      "mode": "managed",
      "type": "aws_subnet",
      "name": "App_private_ap_south_1a",
      "provider": "provider[\"registry.terraform.io/hashicorp/aws\"]",
      "instances": [
        {
          "schema_version": 1,
          "attributes": {
            "arn": "arn:aws:ec2:ap-south-1:969415682385:subnet/subnet-0fc57ff2cb9cdfa56",
            "assign_ipv6_address_on_creation": false,
            "availability_zone": "ap-south-1a",
            "availability_zone_id": "aps1-az1",
            "cidr_block": "10.0.2.0/24",
            "customer_owned_ipv4_pool": "",
            "enable_dns64": false,
            "enable_lni_at_device_index": 0,
            "enable_resource_name_dns_a_record_on_launch": false,
            "enable_resource_name_dns_aaaa_record_on_launch": false,
            "id": "subnet-0fc57ff2cb9cdfa56",
            "ipv6_cidr_block": "",
            "ipv6_cidr_block_association_id": "",
            "ipv6_native": false,
            "map_customer_owned_ip_on_launch": false,
            "map_public_ip_on_launch": false,
            "outpost_arn": "",
            "owner_id": "969415682385",
            "private_dns_hostname_type_on_launch": "ip-name",
            "tags": {
              "Name": "private_ap_south_1a"
            },
            "tags_all": {
              "Name": "private_ap_south_1a"
            },
            "timeouts": null,
            "vpc_id": "vpc-069ae7edf0839afc4"
          },
          "sensitive_attributes": [],
          "private": "eyJlMmJmYjczMC1lY2FhLTExZTYtOGY4OC0zNDM2M2JjN2M0YzAiOnsiY3JlYXRlIjo2MDAwMDAwMDAwMDAsImRlbGV0ZSI6MTIwMDAwMDAwMDAwMH0sInNjaGVtYV92ZXJzaW9uIjoiMSJ9",
          "dependencies": [
            "aws_vpc.main"
          ]
        }
      ]
    },
    {
      "mode": "managed",
      "type": "aws_subnet",
      "name": "DB2_private_ap_south_1b",
      "provider": "provider[\"registry.terraform.io/hashicorp/aws\"]",
      "instances": [
        {
          "schema_version": 1,
          "attributes": {
            "arn": "arn:aws:ec2:ap-south-1:969415682385:subnet/subnet-060dfa6f819fee419",
            "assign_ipv6_address_on_creation": false,
            "availability_zone": "ap-south-1b",
            "availability_zone_id": "aps1-az3",
            "cidr_block": "10.0.7.0/24",
            "customer_owned_ipv4_pool": "",
            "enable_dns64": false,
            "enable_lni_at_device_index": 0,
            "enable_resource_name_dns_a_record_on_launch": false,
            "enable_resource_name_dns_aaaa_record_on_launch": false,
            "id": "subnet-060dfa6f819fee419",
            "ipv6_cidr_block": "",
            "ipv6_cidr_block_association_id": "",
            "ipv6_native": false,
            "map_customer_owned_ip_on_launch": false,
            "map_public_ip_on_launch": false,
            "outpost_arn": "",
            "owner_id": "969415682385",
            "private_dns_hostname_type_on_launch": "ip-name",
            "tags": {
              "Name": "DB2_private_ap_south_1b"
            },
            "tags_all": {
              "Name": "DB2_private_ap_south_1b"
            },
            "timeouts": null,
            "vpc_id": "vpc-069ae7edf0839afc4"
          },
          "sensitive_attributes": [],
          "private": "eyJlMmJmYjczMC1lY2FhLTExZTYtOGY4OC0zNDM2M2JjN2M0YzAiOnsiY3JlYXRlIjo2MDAwMDAwMDAwMDAsImRlbGV0ZSI6MTIwMDAwMDAwMDAwMH0sInNjaGVtYV92ZXJzaW9uIjoiMSJ9",
          "dependencies": [
            "aws_vpc.main"
          ]
        }
      ]
    },
    {
      "mode": "managed",
      "type": "aws_subnet",
      "name": "DB_private_ap_south_1a",
      "provider": "provider[\"registry.terraform.io/hashicorp/aws\"]",
      "instances": [
        {
          "schema_version": 1,
          "attributes": {
            "arn": "arn:aws:ec2:ap-south-1:969415682385:subnet/subnet-06ecc2f0492d87b02",
            "assign_ipv6_address_on_creation": false,
            "availability_zone": "ap-south-1a",
            "availability_zone_id": "aps1-az1",
            "cidr_block": "10.0.6.0/24",
            "customer_owned_ipv4_pool": "",
            "enable_dns64": false,
            "enable_lni_at_device_index": 0,
            "enable_resource_name_dns_a_record_on_launch": false,
            "enable_resource_name_dns_aaaa_record_on_launch": false,
            "id": "subnet-06ecc2f0492d87b02",
            "ipv6_cidr_block": "",
            "ipv6_cidr_block_association_id": "",
            "ipv6_native": false,
            "map_customer_owned_ip_on_launch": false,
            "map_public_ip_on_launch": false,
            "outpost_arn": "",
            "owner_id": "969415682385",
            "private_dns_hostname_type_on_launch": "ip-name",
            "tags": {
              "Name": "DB_private_ap_south_1a"
            },
            "tags_all": {
              "Name": "DB_private_ap_south_1a"
            },
            "timeouts": null,
            "vpc_id": "vpc-069ae7edf0839afc4"
          },
          "sensitive_attributes": [],
          "private": "eyJlMmJmYjczMC1lY2FhLTExZTYtOGY4OC0zNDM2M2JjN2M0YzAiOnsiY3JlYXRlIjo2MDAwMDAwMDAwMDAsImRlbGV0ZSI6MTIwMDAwMDAwMDAwMH0sInNjaGVtYV92ZXJzaW9uIjoiMSJ9",
          "dependencies": [
            "aws_vpc.main"
          ]
        }
      ]
    },
    {
      "mode": "managed",
      "type": "aws_subnet",
      "name": "FE2_private_ap_south_1b",
      "provider": "provider[\"registry.terraform.io/hashicorp/aws\"]",
      "instances": [
        {
          "schema_version": 1,
          "attributes": {
            "arn": "arn:aws:ec2:ap-south-1:969415682385:subnet/subnet-0df82467dd132063e",
            "assign_ipv6_address_on_creation": false,
            "availability_zone": "ap-south-1b",
            "availability_zone_id": "aps1-az3",
            "cidr_block": "10.0.5.0/24",
            "customer_owned_ipv4_pool": "",
            "enable_dns64": false,
            "enable_lni_at_device_index": 0,
            "enable_resource_name_dns_a_record_on_launch": false,
            "enable_resource_name_dns_aaaa_record_on_launch": false,
            "id": "subnet-0df82467dd132063e",
            "ipv6_cidr_block": "",
            "ipv6_cidr_block_association_id": "",
            "ipv6_native": false,
            "map_customer_owned_ip_on_launch": false,
            "map_public_ip_on_launch": false,
            "outpost_arn": "",
            "owner_id": "969415682385",
            "private_dns_hostname_type_on_launch": "ip-name",
            "tags": {
              "Name": "FE2_private_ap_south_1b"
            },
            "tags_all": {
              "Name": "FE2_private_ap_south_1b"
            },
            "timeouts": null,
            "vpc_id": "vpc-069ae7edf0839afc4"
          },
          "sensitive_attributes": [],
          "private": "eyJlMmJmYjczMC1lY2FhLTExZTYtOGY4OC0zNDM2M2JjN2M0YzAiOnsiY3JlYXRlIjo2MDAwMDAwMDAwMDAsImRlbGV0ZSI6MTIwMDAwMDAwMDAwMH0sInNjaGVtYV92ZXJzaW9uIjoiMSJ9",
          "dependencies": [
            "aws_vpc.main"
          ]
        }
      ]
    },
    {
      "mode": "managed",
      "type": "aws_subnet",
      "name": "FE_private_ap_south_1a",
      "provider": "provider[\"registry.terraform.io/hashicorp/aws\"]",
      "instances": [
        {
          "schema_version": 1,
          "attributes": {
            "arn": "arn:aws:ec2:ap-south-1:969415682385:subnet/subnet-00e3ad98a84f35f1f",
            "assign_ipv6_address_on_creation": false,
            "availability_zone": "ap-south-1a",
            "availability_zone_id": "aps1-az1",
            "cidr_block": "10.0.4.0/24",
            "customer_owned_ipv4_pool": "",
            "enable_dns64": false,
            "enable_lni_at_device_index": 0,
            "enable_resource_name_dns_a_record_on_launch": false,
            "enable_resource_name_dns_aaaa_record_on_launch": false,
            "id": "subnet-00e3ad98a84f35f1f",
            "ipv6_cidr_block": "",
            "ipv6_cidr_block_association_id": "",
            "ipv6_native": false,
            "map_customer_owned_ip_on_launch": false,
            "map_public_ip_on_launch": false,
            "outpost_arn": "",
            "owner_id": "969415682385",
            "private_dns_hostname_type_on_launch": "ip-name",
            "tags": {
              "Name": "FE_private_ap_south_1a"
            },
            "tags_all": {
              "Name": "FE_private_ap_south_1a"
            },
            "timeouts": null,
            "vpc_id": "vpc-069ae7edf0839afc4"
          },
          "sensitive_attributes": [],
          "private": "eyJlMmJmYjczMC1lY2FhLTExZTYtOGY4OC0zNDM2M2JjN2M0YzAiOnsiY3JlYXRlIjo2MDAwMDAwMDAwMDAsImRlbGV0ZSI6MTIwMDAwMDAwMDAwMH0sInNjaGVtYV92ZXJzaW9uIjoiMSJ9",
          "dependencies": [
            "aws_vpc.main"
          ]
        }
      ]
    },
    {
      "mode": "managed",
      "type": "aws_subnet",
      "name": "public-subnet-1",
      "provider": "provider[\"registry.terraform.io/hashicorp/aws\"]",
      "instances": [
        {
          "schema_version": 1,
          "attributes": {
            "arn": "arn:aws:ec2:ap-south-1:969415682385:subnet/subnet-0b91892d8cdbb3653",
            "assign_ipv6_address_on_creation": false,
            "availability_zone": "ap-south-1a",
            "availability_zone_id": "aps1-az1",
            "cidr_block": "10.0.1.0/24",
            "customer_owned_ipv4_pool": "",
            "enable_dns64": false,
            "enable_lni_at_device_index": 0,
            "enable_resource_name_dns_a_record_on_launch": false,
            "enable_resource_name_dns_aaaa_record_on_launch": false,
            "id": "subnet-0b91892d8cdbb3653",
            "ipv6_cidr_block": "",
            "ipv6_cidr_block_association_id": "",
            "ipv6_native": false,
            "map_customer_owned_ip_on_launch": false,
            "map_public_ip_on_launch": true,
            "outpost_arn": "",
            "owner_id": "969415682385",
            "private_dns_hostname_type_on_launch": "ip-name",
            "tags": {
              "Name": "Public Subnet"
            },
            "tags_all": {
              "Name": "Public Subnet"
            },
            "timeouts": null,
            "vpc_id": "vpc-069ae7edf0839afc4"
          },
          "sensitive_attributes": [],
          "private": "eyJlMmJmYjczMC1lY2FhLTExZTYtOGY4OC0zNDM2M2JjN2M0YzAiOnsiY3JlYXRlIjo2MDAwMDAwMDAwMDAsImRlbGV0ZSI6MTIwMDAwMDAwMDAwMH0sInNjaGVtYV92ZXJzaW9uIjoiMSJ9",
          "dependencies": [
            "aws_vpc.main"
          ],
          "create_before_destroy": true
        }
      ]
    },
    {
      "mode": "managed",
      "type": "aws_vpc",
      "name": "main",
      "provider": "provider[\"registry.terraform.io/hashicorp/aws\"]",
      "instances": [
        {
          "schema_version": 1,
          "attributes": {
            "arn": "arn:aws:ec2:ap-south-1:969415682385:vpc/vpc-069ae7edf0839afc4",
            "assign_generated_ipv6_cidr_block": false,
            "cidr_block": "10.0.0.0/16",
            "default_network_acl_id": "acl-0f2f4035106d9b389",
            "default_route_table_id": "rtb-08f0e6e9a764fa807",
            "default_security_group_id": "sg-065ef87553186d2c0",
            "dhcp_options_id": "dopt-028209f03daa103ce",
            "enable_dns_hostnames": true,
            "enable_dns_support": true,
            "enable_network_address_usage_metrics": false,
            "id": "vpc-069ae7edf0839afc4",
            "instance_tenancy": "default",
            "ipv4_ipam_pool_id": null,
            "ipv4_netmask_length": null,
            "ipv6_association_id": "",
            "ipv6_cidr_block": "",
            "ipv6_cidr_block_network_border_group": "",
            "ipv6_ipam_pool_id": "",
            "ipv6_netmask_length": 0,
            "main_route_table_id": "rtb-08f0e6e9a764fa807",
            "owner_id": "969415682385",
            "tags": {
              "Name": "Test_VPC"
            },
            "tags_all": {
              "Name": "Test_VPC"
            }
          },
          "sensitive_attributes": [],
          "private": "eyJzY2hlbWFfdmVyc2lvbiI6IjEifQ==",
          "create_before_destroy": true
        }
      ]
    },
    {
      "mode": "managed",
      "type": "local_file",
      "name": "TF_key",
      "provider": "provider[\"registry.terraform.io/hashicorp/local\"]",
      "instances": [
        {
          "schema_version": 0,
          "attributes": {
            "content": "-----BEGIN RSA PRIVATE KEY-----\nMIIEpQIBAAKCAQEA7HGBSrJWQSvQRoS4SaP5GfzPKNOlMixYq38duo9Y1a6DzT91\nrmdZgCToVTGLarqwkdv70n9EgnyTjquEgaTUjKs5mTyLt3HQPiCCduvbCCv+7zlA\nVaoSj/P8tEJUiVGNixkEotTpv7wJZ1LXPajr7s4ptl4uZyiAAGgbDActC6+cf7/w\nCa7Sv4chCESYjX/SwloBrewTzgwoPXuXVvxSQypN7U7zGkxu6Jd+tJIUtuRCYDc/\n3Iv0NkukvCmtXdP9CqhCApxo6uTa+opHTDS5e9UKcegI32M3VdYk/81ZYIArI2QU\nMg3Mbni8cqUaha2RJyeg4HZ2QnV7d0VmvTl1swIDAQABAoIBAQC1mQvjcgtbbKo/\nrynXrW/iLNBzG/LSEUtdFHmh0v04yRuD5YyeEdSk3jPvUukwZQi+TkYgSw00Zzfx\nqPxRkmaJT+0iK2Vn1KtLPC7X5ZhJs3jPBZrK8J/nHk7lp9hDy3Y58lIkOgD5+RMD\n35VfT0E+HevdnIJpSqrdJRg46b4ILTOfJooxf7OShlx6gTPutVkVtZKMAoL17fhV\nq+qS53SDItUiRBcd2Gr12SBXaWyagE2C8BRQcks0tN6uAZTtD1rZOaHXFOFO8+Lq\nv5AFqVAfycwEdvR0N1HIxes9UVzJqAVdYFn5FfHzXpEn+GnA0Z3lDBCIcfV/TAB0\nHPwzPFwRAoGBAO7G+VYcRgFqADxfnHC2VklIJFFlszt9U8n1IzATdedQF4y1npaN\ntgrfYEyq8557llwgFb/LFTgZpaZRwI0IPGKVcBWBBDu4jqCKrPSkKk9fiYZgHv56\nTvVlfqz9GIdeVW54NjMJ09O4emRH0KsYTtyUxvU0WNgm89gqH7+a/fkZAoGBAP1/\nb65besP8ywtovmD/HahIVCboiQEfXeId3c0DgNi4mUAqssUyjcAyWaGcHseWI65c\nLT4M3PAvypxJ2WdM0Usf68M5VcXSK9KPDyVQcv4LVsMJdwKY5UtNMmhYP56pL0DQ\ncK0gO1bmj7z2ZraDEyUuUotFu8j5s+sqNaq2jOKrAoGAQQB3xiJiSGZD9CuPGfv5\nV2/FO0d1WH+QvMz4LFFP6o2aK5sRtiiT4zfWLmjnc0BvuVqesRynBSOuPa3Jvlr8\nnVXTMndx4JQod7noxZyfTAZVGPi3100Si6l6p7sq30cl+LHPB2vod52j7ALE4p72\ncQQreXsrqIRKI5GsHOwjsZkCgYEAx5fcRktO6RuUf2I0a8jTABoa8ButK84XrJ7Z\ncb9tZrZKK+Syp2O7inXabs2uynUjmPiIws978j2e6NmYrKYmMGFsz2TIbR6jVIFB\nap7iO7aP1LcSFmBuQZEBvHindvQ8+WplHVtAfZbB3AWiL9gabe8AHRqF1aMOD35H\njSd43EsCgYEA0s3HsGMUpq7tgidq23ikKxniPMBDDsuZ6ZnIJ1RMIYs8YWungisz\nLebE57FP+lDqSghm3ge90/qt4NoT+1fAzj6U/q5ak8A4abLHDtkA6wlEIWjLdSwT\n4LzWok201vLuQBPD67m8BQX5hnxH2UB+TSimd+VmbWDr9pnjehntVco=\n-----END RSA PRIVATE KEY-----\n",
            "content_base64": null,
            "content_base64sha256": "76zoTlAv7KyTS9Cu267uJ8ubNHCDDg+ItoinfjaZ694=",
            "content_base64sha512": "4ZPSMFn096I4fwb+NRJSz08bUoaAwI/PjolIOJ2EBxCW/uHm2UWl96pEksnu08CF0/sS/VazAa9LIOZMVb0XEw==",
            "content_md5": "5288c22bff9101ade96f28d41d97d80a",
            "content_sha1": "8b34cb5b41efb29514b564ad72d3b18109a95a0e",
            "content_sha256": "eface84e502fecac934bd0aedbaeee27cb9b3470830e0f88b688a77e3699ebde",
            "content_sha512": "e193d23059f4f7a2387f06fe351252cf4f1b528680c08fcf8e8948389d84071096fee1e6d945a5f7aa4492c9eed3c085d3fb12fd56b301af4b20e64c55bd1713",
            "directory_permission": "0777",
            "file_permission": "0400",
            "filename": "Tkey",
            "id": "8b34cb5b41efb29514b564ad72d3b18109a95a0e",
            "sensitive_content": null,
            "source": null
          },
          "sensitive_attributes": [
            [
              {
                "type": "get_attr",
                "value": "content"
              }
            ]
          ],
          "dependencies": [
            "tls_private_key.Tkey"
          ]
        }
      ]
    },
    {
      "mode": "managed",
      "type": "tls_private_key",
      "name": "Tkey",
      "provider": "provider[\"registry.terraform.io/hashicorp/tls\"]",
      "instances": [
        {
          "schema_version": 1,
          "attributes": {
            "algorithm": "RSA",
            "ecdsa_curve": "P224",
            "id": "56285edeccfde8a9a8045f17fa1953a748932702",
            "private_key_openssh": "-----BEGIN OPENSSH PRIVATE KEY-----\nb3BlbnNzaC1rZXktdjEAAAAABG5vbmUAAAAEbm9uZQAAAAAAAAABAAABFwAAAAdz\nc2gtcnNhAAAAAwEAAQAAAQEA7HGBSrJWQSvQRoS4SaP5GfzPKNOlMixYq38duo9Y\n1a6DzT91rmdZgCToVTGLarqwkdv70n9EgnyTjquEgaTUjKs5mTyLt3HQPiCCduvb\nCCv+7zlAVaoSj/P8tEJUiVGNixkEotTpv7wJZ1LXPajr7s4ptl4uZyiAAGgbDAct\nC6+cf7/wCa7Sv4chCESYjX/SwloBrewTzgwoPXuXVvxSQypN7U7zGkxu6Jd+tJIU\ntuRCYDc/3Iv0NkukvCmtXdP9CqhCApxo6uTa+opHTDS5e9UKcegI32M3VdYk/81Z\nYIArI2QUMg3Mbni8cqUaha2RJyeg4HZ2QnV7d0VmvTl1swAAA7jZeJaY2XiWmAAA\nAAdzc2gtcnNhAAABAQDscYFKslZBK9BGhLhJo/kZ/M8o06UyLFirfx26j1jVroPN\nP3WuZ1mAJOhVMYtqurCR2/vSf0SCfJOOq4SBpNSMqzmZPIu3cdA+IIJ269sIK/7v\nOUBVqhKP8/y0QlSJUY2LGQSi1Om/vAlnUtc9qOvuzim2Xi5nKIAAaBsMBy0Lr5x/\nv/AJrtK/hyEIRJiNf9LCWgGt7BPODCg9e5dW/FJDKk3tTvMaTG7ol360khS25EJg\nNz/ci/Q2S6S8Ka1d0/0KqEICnGjq5Nr6ikdMNLl71Qpx6AjfYzdV1iT/zVlggCsj\nZBQyDcxueLxypRqFrZEnJ6DgdnZCdXt3RWa9OXWzAAAAAwEAAQAAAQEAtZkL43IL\nW2yqP68p161v4izQcxvy0hFLXRR5odL9OMkbg+WMnhHUpN4z71LpMGUIvk5GIEsN\nNGc38aj8UZJmiU/tIitlZ9SrSzwu1+WYSbN4zwWayvCf5x5O5afYQ8t2OfJSJDoA\n+fkTA9+VX09BPh3r3ZyCaUqq3SUYOOm+CC0znyaKMX+zkoZceoEz7rVZFbWSjAKC\n9e34Vavqkud0gyLVIkQXHdhq9dkgV2lsmoBNgvAUUHJLNLTergGU7Q9a2Tmh1xTh\nTvPi6r+QBalQH8nMBHb0dDdRyMXrPVFcyagFXWBZ+RXx816RJ/hpwNGd5QwQiHH1\nf0wAdBz8MzxcEQAAAIEA0s3HsGMUpq7tgidq23ikKxniPMBDDsuZ6ZnIJ1RMIYs8\nYWungiszLebE57FP+lDqSghm3ge90/qt4NoT+1fAzj6U/q5ak8A4abLHDtkA6wlE\nIWjLdSwT4LzWok201vLuQBPD67m8BQX5hnxH2UB+TSimd+VmbWDr9pnjehntVcoA\nAACBAO7G+VYcRgFqADxfnHC2VklIJFFlszt9U8n1IzATdedQF4y1npaNtgrfYEyq\n8557llwgFb/LFTgZpaZRwI0IPGKVcBWBBDu4jqCKrPSkKk9fiYZgHv56TvVlfqz9\nGIdeVW54NjMJ09O4emRH0KsYTtyUxvU0WNgm89gqH7+a/fkZAAAAgQD9f2+uW3rD\n/MsLaL5g/x2oSFQm6IkBH13iHd3NA4DYuJlAKrLFMo3AMlmhnB7HliOuXC0+DNzw\nL8qcSdlnTNFLH+vDOVXF0ivSjw8lUHL+C1bDCXcCmOVLTTJoWD+eqS9A0HCtIDtW\n5o+89ma2gxMlLlKLRbvI+bPrKjWqtoziqwAAAAAB\n-----END OPENSSH PRIVATE KEY-----\n",
            "private_key_pem": "-----BEGIN RSA PRIVATE KEY-----\nMIIEpQIBAAKCAQEA7HGBSrJWQSvQRoS4SaP5GfzPKNOlMixYq38duo9Y1a6DzT91\nrmdZgCToVTGLarqwkdv70n9EgnyTjquEgaTUjKs5mTyLt3HQPiCCduvbCCv+7zlA\nVaoSj/P8tEJUiVGNixkEotTpv7wJZ1LXPajr7s4ptl4uZyiAAGgbDActC6+cf7/w\nCa7Sv4chCESYjX/SwloBrewTzgwoPXuXVvxSQypN7U7zGkxu6Jd+tJIUtuRCYDc/\n3Iv0NkukvCmtXdP9CqhCApxo6uTa+opHTDS5e9UKcegI32M3VdYk/81ZYIArI2QU\nMg3Mbni8cqUaha2RJyeg4HZ2QnV7d0VmvTl1swIDAQABAoIBAQC1mQvjcgtbbKo/\nrynXrW/iLNBzG/LSEUtdFHmh0v04yRuD5YyeEdSk3jPvUukwZQi+TkYgSw00Zzfx\nqPxRkmaJT+0iK2Vn1KtLPC7X5ZhJs3jPBZrK8J/nHk7lp9hDy3Y58lIkOgD5+RMD\n35VfT0E+HevdnIJpSqrdJRg46b4ILTOfJooxf7OShlx6gTPutVkVtZKMAoL17fhV\nq+qS53SDItUiRBcd2Gr12SBXaWyagE2C8BRQcks0tN6uAZTtD1rZOaHXFOFO8+Lq\nv5AFqVAfycwEdvR0N1HIxes9UVzJqAVdYFn5FfHzXpEn+GnA0Z3lDBCIcfV/TAB0\nHPwzPFwRAoGBAO7G+VYcRgFqADxfnHC2VklIJFFlszt9U8n1IzATdedQF4y1npaN\ntgrfYEyq8557llwgFb/LFTgZpaZRwI0IPGKVcBWBBDu4jqCKrPSkKk9fiYZgHv56\nTvVlfqz9GIdeVW54NjMJ09O4emRH0KsYTtyUxvU0WNgm89gqH7+a/fkZAoGBAP1/\nb65besP8ywtovmD/HahIVCboiQEfXeId3c0DgNi4mUAqssUyjcAyWaGcHseWI65c\nLT4M3PAvypxJ2WdM0Usf68M5VcXSK9KPDyVQcv4LVsMJdwKY5UtNMmhYP56pL0DQ\ncK0gO1bmj7z2ZraDEyUuUotFu8j5s+sqNaq2jOKrAoGAQQB3xiJiSGZD9CuPGfv5\nV2/FO0d1WH+QvMz4LFFP6o2aK5sRtiiT4zfWLmjnc0BvuVqesRynBSOuPa3Jvlr8\nnVXTMndx4JQod7noxZyfTAZVGPi3100Si6l6p7sq30cl+LHPB2vod52j7ALE4p72\ncQQreXsrqIRKI5GsHOwjsZkCgYEAx5fcRktO6RuUf2I0a8jTABoa8ButK84XrJ7Z\ncb9tZrZKK+Syp2O7inXabs2uynUjmPiIws978j2e6NmYrKYmMGFsz2TIbR6jVIFB\nap7iO7aP1LcSFmBuQZEBvHindvQ8+WplHVtAfZbB3AWiL9gabe8AHRqF1aMOD35H\njSd43EsCgYEA0s3HsGMUpq7tgidq23ikKxniPMBDDsuZ6ZnIJ1RMIYs8YWungisz\nLebE57FP+lDqSghm3ge90/qt4NoT+1fAzj6U/q5ak8A4abLHDtkA6wlEIWjLdSwT\n4LzWok201vLuQBPD67m8BQX5hnxH2UB+TSimd+VmbWDr9pnjehntVco=\n-----END RSA PRIVATE KEY-----\n",
            "private_key_pem_pkcs8": "-----BEGIN PRIVATE KEY-----\nMIIEvwIBADANBgkqhkiG9w0BAQEFAASCBKkwggSlAgEAAoIBAQDscYFKslZBK9BG\nhLhJo/kZ/M8o06UyLFirfx26j1jVroPNP3WuZ1mAJOhVMYtqurCR2/vSf0SCfJOO\nq4SBpNSMqzmZPIu3cdA+IIJ269sIK/7vOUBVqhKP8/y0QlSJUY2LGQSi1Om/vAln\nUtc9qOvuzim2Xi5nKIAAaBsMBy0Lr5x/v/AJrtK/hyEIRJiNf9LCWgGt7BPODCg9\ne5dW/FJDKk3tTvMaTG7ol360khS25EJgNz/ci/Q2S6S8Ka1d0/0KqEICnGjq5Nr6\nikdMNLl71Qpx6AjfYzdV1iT/zVlggCsjZBQyDcxueLxypRqFrZEnJ6DgdnZCdXt3\nRWa9OXWzAgMBAAECggEBALWZC+NyC1tsqj+vKdetb+Is0HMb8tIRS10UeaHS/TjJ\nG4PljJ4R1KTeM+9S6TBlCL5ORiBLDTRnN/Go/FGSZolP7SIrZWfUq0s8LtflmEmz\neM8Fmsrwn+ceTuWn2EPLdjnyUiQ6APn5EwPflV9PQT4d692cgmlKqt0lGDjpvggt\nM58mijF/s5KGXHqBM+61WRW1kowCgvXt+FWr6pLndIMi1SJEFx3YavXZIFdpbJqA\nTYLwFFBySzS03q4BlO0PWtk5odcU4U7z4uq/kAWpUB/JzAR29HQ3UcjF6z1RXMmo\nBV1gWfkV8fNekSf4acDRneUMEIhx9X9MAHQc/DM8XBECgYEA7sb5VhxGAWoAPF+c\ncLZWSUgkUWWzO31TyfUjMBN151AXjLWelo22Ct9gTKrznnuWXCAVv8sVOBmlplHA\njQg8YpVwFYEEO7iOoIqs9KQqT1+JhmAe/npO9WV+rP0Yh15Vbng2MwnT07h6ZEfQ\nqxhO3JTG9TRY2Cbz2Cofv5r9+RkCgYEA/X9vrlt6w/zLC2i+YP8dqEhUJuiJAR9d\n4h3dzQOA2LiZQCqyxTKNwDJZoZwex5YjrlwtPgzc8C/KnEnZZ0zRSx/rwzlVxdIr\n0o8PJVBy/gtWwwl3ApjlS00yaFg/nqkvQNBwrSA7VuaPvPZmtoMTJS5Si0W7yPmz\n6yo1qraM4qsCgYBBAHfGImJIZkP0K48Z+/lXb8U7R3VYf5C8zPgsUU/qjZormxG2\nKJPjN9YuaOdzQG+5Wp6xHKcFI649rcm+WvydVdMyd3HglCh3uejFnJ9MBlUY+LfX\nTRKLqXqnuyrfRyX4sc8Ha+h3naPsAsTinvZxBCt5eyuohEojkawc7COxmQKBgQDH\nl9xGS07pG5R/YjRryNMAGhrwG60rzhesntlxv21mtkor5LKnY7uKddpuza7KdSOY\n+IjCz3vyPZ7o2ZispiYwYWzPZMhtHqNUgUFqnuI7to/UtxIWYG5BkQG8eKd29Dz5\namUdW0B9lsHcBaIv2Bpt7wAdGoXVow4PfkeNJ3jcSwKBgQDSzcewYxSmru2CJ2rb\neKQrGeI8wEMOy5npmcgnVEwhizxha6eCKzMt5sTnsU/6UOpKCGbeB73T+q3g2hP7\nV8DOPpT+rlqTwDhpsscO2QDrCUQhaMt1LBPgvNaiTbTW8u5AE8PrubwFBfmGfEfZ\nQH5NKKZ35WZtYOv2meN6Ge1Vyg==\n-----END PRIVATE KEY-----\n",
            "public_key_fingerprint_md5": "8a:05:24:98:75:c6:77:5e:cb:c5:27:15:f3:06:89:cc",
            "public_key_fingerprint_sha256": "SHA256:WOW3RZiO3h3Zh1qTwZkSaebwA4H/mqvNMV7WiSL97hc",
            "public_key_openssh": "ssh-rsa AAAAB3NzaC1yc2EAAAADAQABAAABAQDscYFKslZBK9BGhLhJo/kZ/M8o06UyLFirfx26j1jVroPNP3WuZ1mAJOhVMYtqurCR2/vSf0SCfJOOq4SBpNSMqzmZPIu3cdA+IIJ269sIK/7vOUBVqhKP8/y0QlSJUY2LGQSi1Om/vAlnUtc9qOvuzim2Xi5nKIAAaBsMBy0Lr5x/v/AJrtK/hyEIRJiNf9LCWgGt7BPODCg9e5dW/FJDKk3tTvMaTG7ol360khS25EJgNz/ci/Q2S6S8Ka1d0/0KqEICnGjq5Nr6ikdMNLl71Qpx6AjfYzdV1iT/zVlggCsjZBQyDcxueLxypRqFrZEnJ6DgdnZCdXt3RWa9OXWz\n",
            "public_key_pem": "-----BEGIN PUBLIC KEY-----\nMIIBIjANBgkqhkiG9w0BAQEFAAOCAQ8AMIIBCgKCAQEA7HGBSrJWQSvQRoS4SaP5\nGfzPKNOlMixYq38duo9Y1a6DzT91rmdZgCToVTGLarqwkdv70n9EgnyTjquEgaTU\njKs5mTyLt3HQPiCCduvbCCv+7zlAVaoSj/P8tEJUiVGNixkEotTpv7wJZ1LXPajr\n7s4ptl4uZyiAAGgbDActC6+cf7/wCa7Sv4chCESYjX/SwloBrewTzgwoPXuXVvxS\nQypN7U7zGkxu6Jd+tJIUtuRCYDc/3Iv0NkukvCmtXdP9CqhCApxo6uTa+opHTDS5\ne9UKcegI32M3VdYk/81ZYIArI2QUMg3Mbni8cqUaha2RJyeg4HZ2QnV7d0VmvTl1\nswIDAQAB\n-----END PUBLIC KEY-----\n",
            "rsa_bits": 2048
          },
          "sensitive_attributes": []
        }
      ]
    }
  ],
  "check_results": null
}
